// !$*UTF8*$!
{
	archiveVersion = 1;
	classes = {
	};
	objectVersion = 50;
	objects = {

/* Begin PBXBuildFile section */
		1138B1C7251D9049008A6629 /* DKCleanFriendsController.h in Headers */ = {isa = PBXBuildFile; fileRef = 1138B1C5251D9049008A6629 /* DKCleanFriendsController.h */; };
		1138B1C8251D9049008A6629 /* DKCleanFriendsController.m in Sources */ = {isa = PBXBuildFile; fileRef = 1138B1C6251D9049008A6629 /* DKCleanFriendsController.m */; };
		114CCC2F21F817D500A4646E /* MDConfig.plist in Resources */ = {isa = PBXBuildFile; fileRef = 114CCC2E21F817D500A4646E /* MDConfig.plist */; };
		114CCC3921F817D500A4646E /* libdkhelperDylib.dylib in CopyFiles */ = {isa = PBXBuildFile; fileRef = 114CCC3821F817D500A4646E /* libdkhelperDylib.dylib */; settings = {ATTRIBUTES = (CodeSignOnCopy, ); }; };
		114CCC3E21F817D500A4646E /* JavaScriptCore.framework in Frameworks */ = {isa = PBXBuildFile; fileRef = 114CCC3D21F817D500A4646E /* JavaScriptCore.framework */; };
		114CCC4021F817D500A4646E /* Foundation.framework in Frameworks */ = {isa = PBXBuildFile; fileRef = 114CCC3F21F817D500A4646E /* Foundation.framework */; };
		114CCC4221F817D500A4646E /* UIKit.framework in Frameworks */ = {isa = PBXBuildFile; fileRef = 114CCC4121F817D500A4646E /* UIKit.framework */; };
		114CCC4721F817D500A4646E /* dkhelperDylib.mm in Sources */ = {isa = PBXBuildFile; fileRef = 114CCC4621F817D500A4646E /* dkhelperDylib.mm */; };
		114CCC4A21F817D500A4646E /* MDConfigManager.h in Headers */ = {isa = PBXBuildFile; fileRef = 114CCC4921F817D500A4646E /* MDConfigManager.h */; };
		114CCC4C21F817D500A4646E /* MDConfigManager.m in Sources */ = {isa = PBXBuildFile; fileRef = 114CCC4B21F817D500A4646E /* MDConfigManager.m */; };
		114CCC4E21F817D500A4646E /* MDCycriptManager.h in Headers */ = {isa = PBXBuildFile; fileRef = 114CCC4D21F817D500A4646E /* MDCycriptManager.h */; };
		114CCC5021F817D500A4646E /* MDCycriptManager.m in Sources */ = {isa = PBXBuildFile; fileRef = 114CCC4F21F817D500A4646E /* MDCycriptManager.m */; };
		114CCC5221F817D500A4646E /* MDMethodTrace.h in Headers */ = {isa = PBXBuildFile; fileRef = 114CCC5121F817D500A4646E /* MDMethodTrace.h */; };
		114CCC5421F817D500A4646E /* MDMethodTrace.m in Sources */ = {isa = PBXBuildFile; fileRef = 114CCC5321F817D500A4646E /* MDMethodTrace.m */; };
		114CCC5721F817D500A4646E /* a1a2-selectortramps-arm.s in Sources */ = {isa = PBXBuildFile; fileRef = 114CCC5621F817D500A4646E /* a1a2-selectortramps-arm.s */; };
		114CCC5921F817D500A4646E /* a1a2-selectortramps-arm64.s in Sources */ = {isa = PBXBuildFile; fileRef = 114CCC5821F817D500A4646E /* a1a2-selectortramps-arm64.s */; };
		114CCC5B21F817D500A4646E /* a1a2-selectortramps-i386.s in Sources */ = {isa = PBXBuildFile; fileRef = 114CCC5A21F817D500A4646E /* a1a2-selectortramps-i386.s */; };
		114CCC5D21F817D500A4646E /* a1a2-selectortramps-x86_64.s in Sources */ = {isa = PBXBuildFile; fileRef = 114CCC5C21F817D500A4646E /* a1a2-selectortramps-x86_64.s */; };
		114CCC5F21F817D500A4646E /* a2a3-selectortramps-arm.s in Sources */ = {isa = PBXBuildFile; fileRef = 114CCC5E21F817D500A4646E /* a2a3-selectortramps-arm.s */; };
		114CCC6121F817D500A4646E /* a2a3-selectortramps-i386.s in Sources */ = {isa = PBXBuildFile; fileRef = 114CCC6021F817D500A4646E /* a2a3-selectortramps-i386.s */; };
		114CCC6321F817D500A4646E /* a2a3-selectortramps-x86_64.s in Sources */ = {isa = PBXBuildFile; fileRef = 114CCC6221F817D500A4646E /* a2a3-selectortramps-x86_64.s */; };
		114CCC6521F817D500A4646E /* OCMethodTrace.h in Headers */ = {isa = PBXBuildFile; fileRef = 114CCC6421F817D500A4646E /* OCMethodTrace.h */; };
		114CCC6721F817D500A4646E /* OCMethodTrace.m in Sources */ = {isa = PBXBuildFile; fileRef = 114CCC6621F817D500A4646E /* OCMethodTrace.m */; };
		114CCC6921F817D500A4646E /* OCSelectorTrampolines.h in Headers */ = {isa = PBXBuildFile; fileRef = 114CCC6821F817D500A4646E /* OCSelectorTrampolines.h */; };
		114CCC6B21F817D500A4646E /* OCSelectorTrampolines.mm in Sources */ = {isa = PBXBuildFile; fileRef = 114CCC6A21F817D500A4646E /* OCSelectorTrampolines.mm */; };
		114CCC6F21F817D500A4646E /* LLDBTools.h in Headers */ = {isa = PBXBuildFile; fileRef = 114CCC6E21F817D500A4646E /* LLDBTools.h */; };
		114CCC7121F817D500A4646E /* LLDBTools.mm in Sources */ = {isa = PBXBuildFile; fileRef = 114CCC7021F817D500A4646E /* LLDBTools.mm */; };
		114CCC7621F817D500A4646E /* AntiAntiDebug.m in Sources */ = {isa = PBXBuildFile; fileRef = 114CCC7521F817D500A4646E /* AntiAntiDebug.m */; };
		114CCC7921F817D500A4646E /* fishhook.c in Sources */ = {isa = PBXBuildFile; fileRef = 114CCC7821F817D500A4646E /* fishhook.c */; };
		114CCC7B21F817D500A4646E /* fishhook.h in Headers */ = {isa = PBXBuildFile; fileRef = 114CCC7A21F817D500A4646E /* fishhook.h */; };
		114CCC7D21F817D500A4646E /* dkhelperDylib.h in Headers */ = {isa = PBXBuildFile; fileRef = 114CCC7C21F817D500A4646E /* dkhelperDylib.h */; };
		114CCC7F21F817D500A4646E /* dkhelperDylib.m in Sources */ = {isa = PBXBuildFile; fileRef = 114CCC7E21F817D500A4646E /* dkhelperDylib.m */; };
		114CCC8B21F830C800A4646E /* MMUICommonUtil.h in Headers */ = {isa = PBXBuildFile; fileRef = 114CCC8A21F830C800A4646E /* MMUICommonUtil.h */; };
		114CCC8F21F830D200A4646E /* WCUIAlertView.h in Headers */ = {isa = PBXBuildFile; fileRef = 114CCC8C21F830D200A4646E /* WCUIAlertView.h */; };
		114CCC9021F830D200A4646E /* WechatHeaders.h in Headers */ = {isa = PBXBuildFile; fileRef = 114CCC8D21F830D200A4646E /* WechatHeaders.h */; };
		114CCC9121F830D200A4646E /* UiUtil.h in Headers */ = {isa = PBXBuildFile; fileRef = 114CCC8E21F830D200A4646E /* UiUtil.h */; };
		114CCC9421F831C200A4646E /* DKHelper.h in Headers */ = {isa = PBXBuildFile; fileRef = 114CCC9221F831C200A4646E /* DKHelper.h */; };
		114CCC9521F831C200A4646E /* DKHelper.m in Sources */ = {isa = PBXBuildFile; fileRef = 114CCC9321F831C200A4646E /* DKHelper.m */; };
		114CCC9821F831D400A4646E /* DKHelperConfig.h in Headers */ = {isa = PBXBuildFile; fileRef = 114CCC9621F831D400A4646E /* DKHelperConfig.h */; };
		114CCC9921F831D400A4646E /* DKHelperConfig.m in Sources */ = {isa = PBXBuildFile; fileRef = 114CCC9721F831D400A4646E /* DKHelperConfig.m */; };
		114CCC9C21F831EB00A4646E /* DKHelperSettingController.m in Sources */ = {isa = PBXBuildFile; fileRef = 114CCC9A21F831EA00A4646E /* DKHelperSettingController.m */; };
		114CCC9D21F831EB00A4646E /* DKHelperSettingController.h in Headers */ = {isa = PBXBuildFile; fileRef = 114CCC9B21F831EA00A4646E /* DKHelperSettingController.h */; };
		114CCCA021F8323E00A4646E /* DKGroupFilterController.h in Headers */ = {isa = PBXBuildFile; fileRef = 114CCC9E21F8323D00A4646E /* DKGroupFilterController.h */; };
		114CCCA121F8323E00A4646E /* DKGroupFilterController.m in Sources */ = {isa = PBXBuildFile; fileRef = 114CCC9F21F8323D00A4646E /* DKGroupFilterController.m */; };
		116B4CF925BE91990079C6FE /* DKLaunchViewController.m in Sources */ = {isa = PBXBuildFile; fileRef = 116B4CF525BE91980079C6FE /* DKLaunchViewController.m */; };
		116B4CFA25BE91990079C6FE /* DKLaunchHelper.m in Sources */ = {isa = PBXBuildFile; fileRef = 116B4CF625BE91980079C6FE /* DKLaunchHelper.m */; };
		116B4CFB25BE91990079C6FE /* DKLaunchHelper.h in Headers */ = {isa = PBXBuildFile; fileRef = 116B4CF725BE91980079C6FE /* DKLaunchHelper.h */; };
		116B4CFC25BE91990079C6FE /* DKLaunchViewController.h in Headers */ = {isa = PBXBuildFile; fileRef = 116B4CF825BE91990079C6FE /* DKLaunchViewController.h */; };
		116B4D7825BE92470079C6FE /* QGHWDShaderTypes.h in Headers */ = {isa = PBXBuildFile; fileRef = 116B4D1D25BE92460079C6FE /* QGHWDShaderTypes.h */; };
		116B4D7925BE92470079C6FE /* QGHWDShaders.metal in Sources */ = {isa = PBXBuildFile; fileRef = 116B4D1E25BE92460079C6FE /* QGHWDShaders.metal */; };
		116B4D7A25BE92470079C6FE /* QGHWDMetalShaderSourceDefine.h in Headers */ = {isa = PBXBuildFile; fileRef = 116B4D1F25BE92460079C6FE /* QGHWDMetalShaderSourceDefine.h */; };
		116B4D7B25BE92470079C6FE /* QGMP4Box.m in Sources */ = {isa = PBXBuildFile; fileRef = 116B4D2225BE92460079C6FE /* QGMP4Box.m */; };
		116B4D7C25BE92470079C6FE /* QGMP4Parser.h in Headers */ = {isa = PBXBuildFile; fileRef = 116B4D2325BE92460079C6FE /* QGMP4Parser.h */; };
		116B4D7D25BE92470079C6FE /* QGMP4Parser.m in Sources */ = {isa = PBXBuildFile; fileRef = 116B4D2425BE92460079C6FE /* QGMP4Parser.m */; };
		116B4D7E25BE92470079C6FE /* QGMP4Box.h in Headers */ = {isa = PBXBuildFile; fileRef = 116B4D2525BE92460079C6FE /* QGMP4Box.h */; };
		116B4D7F25BE92470079C6FE /* UIView+VAP.m in Sources */ = {isa = PBXBuildFile; fileRef = 116B4D2625BE92460079C6FE /* UIView+VAP.m */; };
		116B4D8025BE92470079C6FE /* QGVAPMetalShaderFunctionLoader.m in Sources */ = {isa = PBXBuildFile; fileRef = 116B4D2825BE92460079C6FE /* QGVAPMetalShaderFunctionLoader.m */; };
		116B4D8125BE92470079C6FE /* QGVAPMetalUtil.h in Headers */ = {isa = PBXBuildFile; fileRef = 116B4D2925BE92460079C6FE /* QGVAPMetalUtil.h */; };
		116B4D8225BE92470079C6FE /* QGVAPSafeMutableDictionary.h in Headers */ = {isa = PBXBuildFile; fileRef = 116B4D2A25BE92460079C6FE /* QGVAPSafeMutableDictionary.h */; };
		116B4D8325BE92470079C6FE /* QGVAPSafeMutableArray.h in Headers */ = {isa = PBXBuildFile; fileRef = 116B4D2B25BE92460079C6FE /* QGVAPSafeMutableArray.h */; };
		116B4D8425BE92470079C6FE /* QGVAPLogger.m in Sources */ = {isa = PBXBuildFile; fileRef = 116B4D2D25BE92460079C6FE /* QGVAPLogger.m */; };
		116B4D8525BE92470079C6FE /* QGVAPLogger.h in Headers */ = {isa = PBXBuildFile; fileRef = 116B4D2E25BE92460079C6FE /* QGVAPLogger.h */; };
		116B4D8625BE92470079C6FE /* QGVAPWeakProxy.m in Sources */ = {isa = PBXBuildFile; fileRef = 116B4D2F25BE92460079C6FE /* QGVAPWeakProxy.m */; };
		116B4D8725BE92470079C6FE /* QGVAPMetalUtil.m in Sources */ = {isa = PBXBuildFile; fileRef = 116B4D3025BE92460079C6FE /* QGVAPMetalUtil.m */; };
		116B4D8825BE92470079C6FE /* QGVAPMetalShaderFunctionLoader.h in Headers */ = {isa = PBXBuildFile; fileRef = 116B4D3125BE92460079C6FE /* QGVAPMetalShaderFunctionLoader.h */; };
		116B4D8925BE92470079C6FE /* QGVAPSafeMutableArray.m in Sources */ = {isa = PBXBuildFile; fileRef = 116B4D3225BE92460079C6FE /* QGVAPSafeMutableArray.m */; };
		116B4D8A25BE92470079C6FE /* QGVAPSafeMutableDictionary.m in Sources */ = {isa = PBXBuildFile; fileRef = 116B4D3325BE92460079C6FE /* QGVAPSafeMutableDictionary.m */; };
		116B4D8B25BE92470079C6FE /* QGVAPWeakProxy.h in Headers */ = {isa = PBXBuildFile; fileRef = 116B4D3425BE92460079C6FE /* QGVAPWeakProxy.h */; };
		116B4D8C25BE92470079C6FE /* NSDictionary+VAPUtil.h in Headers */ = {isa = PBXBuildFile; fileRef = 116B4D3625BE92470079C6FE /* NSDictionary+VAPUtil.h */; };
		116B4D8D25BE92470079C6FE /* NSNotificationCenter+VAPThreadSafe.m in Sources */ = {isa = PBXBuildFile; fileRef = 116B4D3725BE92470079C6FE /* NSNotificationCenter+VAPThreadSafe.m */; };
		116B4D8E25BE92470079C6FE /* NSArray+VAPUtil.m in Sources */ = {isa = PBXBuildFile; fileRef = 116B4D3825BE92470079C6FE /* NSArray+VAPUtil.m */; };
		116B4D8F25BE92470079C6FE /* UIDevice+VAPUtil.h in Headers */ = {isa = PBXBuildFile; fileRef = 116B4D3925BE92470079C6FE /* UIDevice+VAPUtil.h */; };
		116B4D9025BE92470079C6FE /* UIColor+VAPUtil.h in Headers */ = {isa = PBXBuildFile; fileRef = 116B4D3A25BE92470079C6FE /* UIColor+VAPUtil.h */; };
		116B4D9125BE92470079C6FE /* UIView+MP4HWDecode.h in Headers */ = {isa = PBXBuildFile; fileRef = 116B4D3B25BE92470079C6FE /* UIView+MP4HWDecode.h */; };
		116B4D9225BE92470079C6FE /* UIGestureRecognizer+VAPUtil.h in Headers */ = {isa = PBXBuildFile; fileRef = 116B4D3C25BE92470079C6FE /* UIGestureRecognizer+VAPUtil.h */; };
		116B4D9325BE92470079C6FE /* NSNotificationCenter+VAPThreadSafe.h in Headers */ = {isa = PBXBuildFile; fileRef = 116B4D3D25BE92470079C6FE /* NSNotificationCenter+VAPThreadSafe.h */; };
		116B4D9425BE92470079C6FE /* NSDictionary+VAPUtil.m in Sources */ = {isa = PBXBuildFile; fileRef = 116B4D3E25BE92470079C6FE /* NSDictionary+VAPUtil.m */; };
		116B4D9525BE92470079C6FE /* UIDevice+VAPUtil.m in Sources */ = {isa = PBXBuildFile; fileRef = 116B4D3F25BE92470079C6FE /* UIDevice+VAPUtil.m */; };
		116B4D9625BE92470079C6FE /* NSArray+VAPUtil.h in Headers */ = {isa = PBXBuildFile; fileRef = 116B4D4025BE92470079C6FE /* NSArray+VAPUtil.h */; };
		116B4D9725BE92470079C6FE /* UIColor+VAPUtil.m in Sources */ = {isa = PBXBuildFile; fileRef = 116B4D4125BE92470079C6FE /* UIColor+VAPUtil.m */; };
		116B4D9825BE92470079C6FE /* UIView+MP4HWDecode.m in Sources */ = {isa = PBXBuildFile; fileRef = 116B4D4225BE92470079C6FE /* UIView+MP4HWDecode.m */; };
		116B4D9925BE92470079C6FE /* UIGestureRecognizer+VAPUtil.m in Sources */ = {isa = PBXBuildFile; fileRef = 116B4D4325BE92470079C6FE /* UIGestureRecognizer+VAPUtil.m */; };
		116B4D9A25BE92470079C6FE /* QGMP4AnimatedImageFrame.m in Sources */ = {isa = PBXBuildFile; fileRef = 116B4D4525BE92470079C6FE /* QGMP4AnimatedImageFrame.m */; };
		116B4D9B25BE92470079C6FE /* QGBaseDFileInfo.h in Headers */ = {isa = PBXBuildFile; fileRef = 116B4D4625BE92470079C6FE /* QGBaseDFileInfo.h */; };
		116B4D9C25BE92470079C6FE /* QGVAPMaskInfo.m in Sources */ = {isa = PBXBuildFile; fileRef = 116B4D4725BE92470079C6FE /* QGVAPMaskInfo.m */; };
		116B4D9D25BE92470079C6FE /* QGBaseAnimatedImageFrame.h in Headers */ = {isa = PBXBuildFile; fileRef = 116B4D4825BE92470079C6FE /* QGBaseAnimatedImageFrame.h */; };
		116B4D9E25BE92470079C6FE /* QGVAPTextureLoader.m in Sources */ = {isa = PBXBuildFile; fileRef = 116B4D4925BE92470079C6FE /* QGVAPTextureLoader.m */; };
		116B4D9F25BE92470079C6FE /* QGMP4HWDFileInfo.m in Sources */ = {isa = PBXBuildFile; fileRef = 116B4D4A25BE92470079C6FE /* QGMP4HWDFileInfo.m */; };
		116B4DA025BE92470079C6FE /* QGVAPConfigModel.h in Headers */ = {isa = PBXBuildFile; fileRef = 116B4D4B25BE92470079C6FE /* QGVAPConfigModel.h */; };
		116B4DA125BE92470079C6FE /* QGBaseAnimatedImageFrame+Displaying.h in Headers */ = {isa = PBXBuildFile; fileRef = 116B4D4C25BE92470079C6FE /* QGBaseAnimatedImageFrame+Displaying.h */; };
		116B4DA225BE92470079C6FE /* QGBaseDFileInfo.m in Sources */ = {isa = PBXBuildFile; fileRef = 116B4D4D25BE92470079C6FE /* QGBaseDFileInfo.m */; };
		116B4DA325BE92470079C6FE /* QGMP4AnimatedImageFrame.h in Headers */ = {isa = PBXBuildFile; fileRef = 116B4D4E25BE92470079C6FE /* QGMP4AnimatedImageFrame.h */; };
		116B4DA425BE92470079C6FE /* QGVAPMaskInfo.h in Headers */ = {isa = PBXBuildFile; fileRef = 116B4D4F25BE92470079C6FE /* QGVAPMaskInfo.h */; };
		116B4DA525BE92470079C6FE /* QGVAPConfigModel.m in Sources */ = {isa = PBXBuildFile; fileRef = 116B4D5025BE92470079C6FE /* QGVAPConfigModel.m */; };
		116B4DA625BE92470079C6FE /* QGMP4HWDFileInfo.h in Headers */ = {isa = PBXBuildFile; fileRef = 116B4D5125BE92470079C6FE /* QGMP4HWDFileInfo.h */; };
		116B4DA725BE92470079C6FE /* QGVAPTextureLoader.h in Headers */ = {isa = PBXBuildFile; fileRef = 116B4D5225BE92470079C6FE /* QGVAPTextureLoader.h */; };
		116B4DA825BE92470079C6FE /* QGBaseAnimatedImageFrame.m in Sources */ = {isa = PBXBuildFile; fileRef = 116B4D5325BE92470079C6FE /* QGBaseAnimatedImageFrame.m */; };
		116B4DA925BE92470079C6FE /* QGBaseAnimatedImageFrame+Displaying.m in Sources */ = {isa = PBXBuildFile; fileRef = 116B4D5425BE92470079C6FE /* QGBaseAnimatedImageFrame+Displaying.m */; };
		116B4DAA25BE92470079C6FE /* VAPMacros.h in Headers */ = {isa = PBXBuildFile; fileRef = 116B4D5525BE92470079C6FE /* VAPMacros.h */; };
		116B4DAB25BE92470079C6FE /* UIView+VAP.h in Headers */ = {isa = PBXBuildFile; fileRef = 116B4D5625BE92470079C6FE /* UIView+VAP.h */; };
		116B4DAC25BE92470079C6FE /* QGVAPlayer.h in Headers */ = {isa = PBXBuildFile; fileRef = 116B4D5725BE92470079C6FE /* QGVAPlayer.h */; };
		116B4DAD25BE92470079C6FE /* QGAnimatedImageDecodeConfig.m in Sources */ = {isa = PBXBuildFile; fileRef = 116B4D5925BE92470079C6FE /* QGAnimatedImageDecodeConfig.m */; };
		116B4DAE25BE92470079C6FE /* QGVAPConfigManager.m in Sources */ = {isa = PBXBuildFile; fileRef = 116B4D5A25BE92470079C6FE /* QGVAPConfigManager.m */; };
		116B4DAF25BE92470079C6FE /* QGAnimatedImageDecodeThread.h in Headers */ = {isa = PBXBuildFile; fileRef = 116B4D5B25BE92470079C6FE /* QGAnimatedImageDecodeThread.h */; };
		116B4DB025BE92470079C6FE /* QGAnimatedImageDecodeThreadPool.h in Headers */ = {isa = PBXBuildFile; fileRef = 116B4D5C25BE92470079C6FE /* QGAnimatedImageDecodeThreadPool.h */; };
		116B4DB125BE92470079C6FE /* QGAnimatedImageBufferManager.h in Headers */ = {isa = PBXBuildFile; fileRef = 116B4D5D25BE92470079C6FE /* QGAnimatedImageBufferManager.h */; };
		116B4DB225BE92470079C6FE /* QGAnimatedImageDecodeManager.h in Headers */ = {isa = PBXBuildFile; fileRef = 116B4D5E25BE92470079C6FE /* QGAnimatedImageDecodeManager.h */; };
		116B4DB325BE92470079C6FE /* QGAnimatedImageDecodeConfig.h in Headers */ = {isa = PBXBuildFile; fileRef = 116B4D5F25BE92470079C6FE /* QGAnimatedImageDecodeConfig.h */; };
		116B4DB425BE92470079C6FE /* QGAnimatedImageDecodeThreadPool.m in Sources */ = {isa = PBXBuildFile; fileRef = 116B4D6025BE92470079C6FE /* QGAnimatedImageDecodeThreadPool.m */; };
		116B4DB525BE92470079C6FE /* QGBaseDecoder.m in Sources */ = {isa = PBXBuildFile; fileRef = 116B4D6225BE92470079C6FE /* QGBaseDecoder.m */; };
		116B4DB625BE92470079C6FE /* QGMP4FrameHWDecoder.m in Sources */ = {isa = PBXBuildFile; fileRef = 116B4D6325BE92470079C6FE /* QGMP4FrameHWDecoder.m */; };
		116B4DB725BE92470079C6FE /* QGBaseDecoder.h in Headers */ = {isa = PBXBuildFile; fileRef = 116B4D6425BE92470079C6FE /* QGBaseDecoder.h */; };
		116B4DB825BE92470079C6FE /* QGMP4FrameHWDecoder.h in Headers */ = {isa = PBXBuildFile; fileRef = 116B4D6525BE92470079C6FE /* QGMP4FrameHWDecoder.h */; };
		116B4DB925BE92470079C6FE /* QGAnimatedImageDecodeThread.m in Sources */ = {isa = PBXBuildFile; fileRef = 116B4D6625BE92470079C6FE /* QGAnimatedImageDecodeThread.m */; };
		116B4DBA25BE92470079C6FE /* QGVAPConfigManager.h in Headers */ = {isa = PBXBuildFile; fileRef = 116B4D6725BE92470079C6FE /* QGVAPConfigManager.h */; };
		116B4DBB25BE92470079C6FE /* QGAnimatedImageBufferManager.m in Sources */ = {isa = PBXBuildFile; fileRef = 116B4D6825BE92470079C6FE /* QGAnimatedImageBufferManager.m */; };
		116B4DBC25BE92470079C6FE /* QGAnimatedImageDecodeManager.m in Sources */ = {isa = PBXBuildFile; fileRef = 116B4D6925BE92470079C6FE /* QGAnimatedImageDecodeManager.m */; };
		116B4DBD25BE92470079C6FE /* QGHWDMetalView.m in Sources */ = {isa = PBXBuildFile; fileRef = 116B4D6C25BE92470079C6FE /* QGHWDMetalView.m */; };
		116B4DBE25BE92470079C6FE /* QGVAPMetalView.m in Sources */ = {isa = PBXBuildFile; fileRef = 116B4D6E25BE92470079C6FE /* QGVAPMetalView.m */; };
		116B4DBF25BE92470079C6FE /* QGVAPMetalRenderer.m in Sources */ = {isa = PBXBuildFile; fileRef = 116B4D6F25BE92470079C6FE /* QGVAPMetalRenderer.m */; };
		116B4DC025BE92470079C6FE /* QGVAPMetalView.h in Headers */ = {isa = PBXBuildFile; fileRef = 116B4D7025BE92470079C6FE /* QGVAPMetalView.h */; };
		116B4DC125BE92470079C6FE /* QGVAPMetalRenderer.h in Headers */ = {isa = PBXBuildFile; fileRef = 116B4D7125BE92470079C6FE /* QGVAPMetalRenderer.h */; };
		116B4DC225BE92470079C6FE /* QGHWDMetalRenderer.m in Sources */ = {isa = PBXBuildFile; fileRef = 116B4D7225BE92470079C6FE /* QGHWDMetalRenderer.m */; };
		116B4DC325BE92470079C6FE /* QGHWDMetalView.h in Headers */ = {isa = PBXBuildFile; fileRef = 116B4D7325BE92470079C6FE /* QGHWDMetalView.h */; };
		116B4DC425BE92470079C6FE /* QGHWDMetalRenderer.h in Headers */ = {isa = PBXBuildFile; fileRef = 116B4D7425BE92470079C6FE /* QGHWDMetalRenderer.h */; };
		116B4DC525BE92470079C6FE /* QGHWDMP4OpenGLView.m in Sources */ = {isa = PBXBuildFile; fileRef = 116B4D7625BE92470079C6FE /* QGHWDMP4OpenGLView.m */; };
		116B4DC625BE92470079C6FE /* QGHWDMP4OpenGLView.h in Headers */ = {isa = PBXBuildFile; fileRef = 116B4D7725BE92470079C6FE /* QGHWDMP4OpenGLView.h */; };
		11D27C9E25208FC800AE6337 /* NSArray+Utils.h in Headers */ = {isa = PBXBuildFile; fileRef = 11D27C9C25208FC800AE6337 /* NSArray+Utils.h */; };
		11D27C9F25208FC800AE6337 /* NSArray+Utils.m in Sources */ = {isa = PBXBuildFile; fileRef = 11D27C9D25208FC800AE6337 /* NSArray+Utils.m */; };
/* End PBXBuildFile section */

/* Begin PBXContainerItemProxy section */
		114CCC3A21F817D500A4646E /* PBXContainerItemProxy */ = {
			isa = PBXContainerItemProxy;
			containerPortal = 114CCC1C21F817D500A4646E /* Project object */;
			proxyType = 1;
			remoteGlobalIDString = 114CCC3721F817D500A4646E;
			remoteInfo = dkhelperDylib;
		};
/* End PBXContainerItemProxy section */

/* Begin PBXCopyFilesBuildPhase section */
		114CCC2421F817D500A4646E /* CopyFiles */ = {
			isa = PBXCopyFilesBuildPhase;
			buildActionMask = 2147483647;
			dstPath = "";
			dstSubfolderSpec = 10;
			files = (
				114CCC3921F817D500A4646E /* libdkhelperDylib.dylib in CopyFiles */,
			);
			runOnlyForDeploymentPostprocessing = 0;
		};
/* End PBXCopyFilesBuildPhase section */

/* Begin PBXFileReference section */
		1138B1C5251D9049008A6629 /* DKCleanFriendsController.h */ = {isa = PBXFileReference; lastKnownFileType = sourcecode.c.h; path = DKCleanFriendsController.h; sourceTree = "<group>"; };
		1138B1C6251D9049008A6629 /* DKCleanFriendsController.m */ = {isa = PBXFileReference; lastKnownFileType = sourcecode.c.objc; path = DKCleanFriendsController.m; sourceTree = "<group>"; };
		114CCC2721F817D500A4646E /* dkhelper.app */ = {isa = PBXFileReference; explicitFileType = wrapper.application; includeInIndex = 0; path = dkhelper.app; sourceTree = BUILT_PRODUCTS_DIR; };
		114CCC2A21F817D500A4646E /* icon.png */ = {isa = PBXFileReference; lastKnownFileType = image.png; path = icon.png; sourceTree = "<group>"; };
		114CCC2C21F817D500A4646E /* quick-resign.sh */ = {isa = PBXFileReference; lastKnownFileType = text.script.sh; name = "quick-resign.sh"; path = "Scripts/quick-resign.sh"; sourceTree = "<group>"; };
		114CCC2E21F817D500A4646E /* MDConfig.plist */ = {isa = PBXFileReference; lastKnownFileType = text.plist.xml; name = MDConfig.plist; path = Config/MDConfig.plist; sourceTree = "<group>"; };
		114CCC3121F817D500A4646E /* put ipa or app here */ = {isa = PBXFileReference; lastKnownFileType = text; name = "put ipa or app here"; path = "TargetApp/put ipa or app here"; sourceTree = "<group>"; };
		114CCC3821F817D500A4646E /* libdkhelperDylib.dylib */ = {isa = PBXFileReference; explicitFileType = "compiled.mach-o.dylib"; includeInIndex = 0; path = libdkhelperDylib.dylib; sourceTree = BUILT_PRODUCTS_DIR; };
		114CCC3D21F817D500A4646E /* JavaScriptCore.framework */ = {isa = PBXFileReference; lastKnownFileType = wrapper.framework; name = JavaScriptCore.framework; path = System/Library/Frameworks/JavaScriptCore.framework; sourceTree = SDKROOT; };
		114CCC3F21F817D500A4646E /* Foundation.framework */ = {isa = PBXFileReference; lastKnownFileType = wrapper.framework; name = Foundation.framework; path = System/Library/Frameworks/Foundation.framework; sourceTree = SDKROOT; };
		114CCC4121F817D500A4646E /* UIKit.framework */ = {isa = PBXFileReference; lastKnownFileType = wrapper.framework; name = UIKit.framework; path = System/Library/Frameworks/UIKit.framework; sourceTree = SDKROOT; };
		114CCC4521F817D500A4646E /* dkhelperDylib.xm */ = {isa = PBXFileReference; explicitFileType = sourcecode.cpp.objcpp.preprocessed; name = dkhelperDylib.xm; path = Logos/dkhelperDylib.xm; sourceTree = "<group>"; };
		114CCC4621F817D500A4646E /* dkhelperDylib.mm */ = {isa = PBXFileReference; lastKnownFileType = sourcecode.cpp.objcpp; name = dkhelperDylib.mm; path = Logos/dkhelperDylib.mm; sourceTree = "<group>"; };
		114CCC4921F817D500A4646E /* MDConfigManager.h */ = {isa = PBXFileReference; lastKnownFileType = sourcecode.c.h; name = MDConfigManager.h; path = Config/MDConfigManager.h; sourceTree = "<group>"; };
		114CCC4B21F817D500A4646E /* MDConfigManager.m */ = {isa = PBXFileReference; lastKnownFileType = sourcecode.c.objc; name = MDConfigManager.m; path = Config/MDConfigManager.m; sourceTree = "<group>"; };
		114CCC4D21F817D500A4646E /* MDCycriptManager.h */ = {isa = PBXFileReference; lastKnownFileType = sourcecode.c.h; name = MDCycriptManager.h; path = Config/MDCycriptManager.h; sourceTree = "<group>"; };
		114CCC4F21F817D500A4646E /* MDCycriptManager.m */ = {isa = PBXFileReference; lastKnownFileType = sourcecode.c.objc; name = MDCycriptManager.m; path = Config/MDCycriptManager.m; sourceTree = "<group>"; };
		114CCC5121F817D500A4646E /* MDMethodTrace.h */ = {isa = PBXFileReference; lastKnownFileType = sourcecode.c.h; name = MDMethodTrace.h; path = Config/MDMethodTrace.h; sourceTree = "<group>"; };
		114CCC5321F817D500A4646E /* MDMethodTrace.m */ = {isa = PBXFileReference; lastKnownFileType = sourcecode.c.objc; name = MDMethodTrace.m; path = Config/MDMethodTrace.m; sourceTree = "<group>"; };
		114CCC5621F817D500A4646E /* a1a2-selectortramps-arm.s */ = {isa = PBXFileReference; lastKnownFileType = sourcecode.asm; name = "a1a2-selectortramps-arm.s"; path = "Trace/a1a2-selectortramps-arm.s"; sourceTree = "<group>"; };
		114CCC5821F817D500A4646E /* a1a2-selectortramps-arm64.s */ = {isa = PBXFileReference; lastKnownFileType = sourcecode.asm; name = "a1a2-selectortramps-arm64.s"; path = "Trace/a1a2-selectortramps-arm64.s"; sourceTree = "<group>"; };
		114CCC5A21F817D500A4646E /* a1a2-selectortramps-i386.s */ = {isa = PBXFileReference; lastKnownFileType = sourcecode.asm; name = "a1a2-selectortramps-i386.s"; path = "Trace/a1a2-selectortramps-i386.s"; sourceTree = "<group>"; };
		114CCC5C21F817D500A4646E /* a1a2-selectortramps-x86_64.s */ = {isa = PBXFileReference; lastKnownFileType = sourcecode.asm; name = "a1a2-selectortramps-x86_64.s"; path = "Trace/a1a2-selectortramps-x86_64.s"; sourceTree = "<group>"; };
		114CCC5E21F817D500A4646E /* a2a3-selectortramps-arm.s */ = {isa = PBXFileReference; lastKnownFileType = sourcecode.asm; name = "a2a3-selectortramps-arm.s"; path = "Trace/a2a3-selectortramps-arm.s"; sourceTree = "<group>"; };
		114CCC6021F817D500A4646E /* a2a3-selectortramps-i386.s */ = {isa = PBXFileReference; lastKnownFileType = sourcecode.asm; name = "a2a3-selectortramps-i386.s"; path = "Trace/a2a3-selectortramps-i386.s"; sourceTree = "<group>"; };
		114CCC6221F817D500A4646E /* a2a3-selectortramps-x86_64.s */ = {isa = PBXFileReference; lastKnownFileType = sourcecode.asm; name = "a2a3-selectortramps-x86_64.s"; path = "Trace/a2a3-selectortramps-x86_64.s"; sourceTree = "<group>"; };
		114CCC6421F817D500A4646E /* OCMethodTrace.h */ = {isa = PBXFileReference; lastKnownFileType = sourcecode.c.h; name = OCMethodTrace.h; path = Trace/OCMethodTrace.h; sourceTree = "<group>"; };
		114CCC6621F817D500A4646E /* OCMethodTrace.m */ = {isa = PBXFileReference; lastKnownFileType = sourcecode.c.objc; name = OCMethodTrace.m; path = Trace/OCMethodTrace.m; sourceTree = "<group>"; };
		114CCC6821F817D500A4646E /* OCSelectorTrampolines.h */ = {isa = PBXFileReference; lastKnownFileType = sourcecode.c.h; name = OCSelectorTrampolines.h; path = Trace/OCSelectorTrampolines.h; sourceTree = "<group>"; };
		114CCC6A21F817D500A4646E /* OCSelectorTrampolines.mm */ = {isa = PBXFileReference; lastKnownFileType = sourcecode.cpp.objcpp; name = OCSelectorTrampolines.mm; path = Trace/OCSelectorTrampolines.mm; sourceTree = "<group>"; };
		114CCC6C21F817D500A4646E /* selectortramps.mac */ = {isa = PBXFileReference; lastKnownFileType = text; name = selectortramps.mac; path = Trace/selectortramps.mac; sourceTree = "<group>"; };
		114CCC6E21F817D500A4646E /* LLDBTools.h */ = {isa = PBXFileReference; lastKnownFileType = sourcecode.c.h; name = LLDBTools.h; path = Tools/LLDBTools.h; sourceTree = "<group>"; };
		114CCC7021F817D500A4646E /* LLDBTools.mm */ = {isa = PBXFileReference; lastKnownFileType = sourcecode.cpp.objcpp; name = LLDBTools.mm; path = Tools/LLDBTools.mm; sourceTree = "<group>"; };
		114CCC7321F817D500A4646E /* dkhelperDylib-Prefix.pch */ = {isa = PBXFileReference; lastKnownFileType = sourcecode.c.h; path = "dkhelperDylib-Prefix.pch"; sourceTree = "<group>"; };
		114CCC7521F817D500A4646E /* AntiAntiDebug.m */ = {isa = PBXFileReference; lastKnownFileType = sourcecode.c.objc; name = AntiAntiDebug.m; path = AntiAntiDebug/AntiAntiDebug.m; sourceTree = "<group>"; };
		114CCC7821F817D500A4646E /* fishhook.c */ = {isa = PBXFileReference; lastKnownFileType = sourcecode.c.c; name = fishhook.c; path = fishhook/fishhook.c; sourceTree = "<group>"; };
		114CCC7A21F817D500A4646E /* fishhook.h */ = {isa = PBXFileReference; lastKnownFileType = sourcecode.c.h; name = fishhook.h; path = fishhook/fishhook.h; sourceTree = "<group>"; };
		114CCC7C21F817D500A4646E /* dkhelperDylib.h */ = {isa = PBXFileReference; lastKnownFileType = sourcecode.c.h; path = dkhelperDylib.h; sourceTree = "<group>"; };
		114CCC7E21F817D500A4646E /* dkhelperDylib.m */ = {isa = PBXFileReference; lastKnownFileType = sourcecode.c.objc; path = dkhelperDylib.m; sourceTree = "<group>"; };
		114CCC8A21F830C800A4646E /* MMUICommonUtil.h */ = {isa = PBXFileReference; fileEncoding = 4; lastKnownFileType = sourcecode.c.h; path = MMUICommonUtil.h; sourceTree = "<group>"; };
		114CCC8C21F830D200A4646E /* WCUIAlertView.h */ = {isa = PBXFileReference; fileEncoding = 4; lastKnownFileType = sourcecode.c.h; path = WCUIAlertView.h; sourceTree = "<group>"; };
		114CCC8D21F830D200A4646E /* WechatHeaders.h */ = {isa = PBXFileReference; fileEncoding = 4; lastKnownFileType = sourcecode.c.h; path = WechatHeaders.h; sourceTree = "<group>"; };
		114CCC8E21F830D200A4646E /* UiUtil.h */ = {isa = PBXFileReference; fileEncoding = 4; lastKnownFileType = sourcecode.c.h; path = UiUtil.h; sourceTree = "<group>"; };
		114CCC9221F831C200A4646E /* DKHelper.h */ = {isa = PBXFileReference; fileEncoding = 4; lastKnownFileType = sourcecode.c.h; path = DKHelper.h; sourceTree = "<group>"; };
		114CCC9321F831C200A4646E /* DKHelper.m */ = {isa = PBXFileReference; fileEncoding = 4; lastKnownFileType = sourcecode.c.objc; path = DKHelper.m; sourceTree = "<group>"; };
		114CCC9621F831D400A4646E /* DKHelperConfig.h */ = {isa = PBXFileReference; fileEncoding = 4; lastKnownFileType = sourcecode.c.h; path = DKHelperConfig.h; sourceTree = "<group>"; };
		114CCC9721F831D400A4646E /* DKHelperConfig.m */ = {isa = PBXFileReference; fileEncoding = 4; lastKnownFileType = sourcecode.c.objc; path = DKHelperConfig.m; sourceTree = "<group>"; };
		114CCC9A21F831EA00A4646E /* DKHelperSettingController.m */ = {isa = PBXFileReference; fileEncoding = 4; lastKnownFileType = sourcecode.c.objc; path = DKHelperSettingController.m; sourceTree = "<group>"; };
		114CCC9B21F831EA00A4646E /* DKHelperSettingController.h */ = {isa = PBXFileReference; fileEncoding = 4; lastKnownFileType = sourcecode.c.h; path = DKHelperSettingController.h; sourceTree = "<group>"; };
		114CCC9E21F8323D00A4646E /* DKGroupFilterController.h */ = {isa = PBXFileReference; fileEncoding = 4; lastKnownFileType = sourcecode.c.h; path = DKGroupFilterController.h; sourceTree = "<group>"; };
		114CCC9F21F8323D00A4646E /* DKGroupFilterController.m */ = {isa = PBXFileReference; fileEncoding = 4; lastKnownFileType = sourcecode.c.objc; path = DKGroupFilterController.m; sourceTree = "<group>"; };
		116B4CF525BE91980079C6FE /* DKLaunchViewController.m */ = {isa = PBXFileReference; explicitFileType = sourcecode.c.objc; fileEncoding = 4; path = DKLaunchViewController.m; sourceTree = "<group>"; };
		116B4CF625BE91980079C6FE /* DKLaunchHelper.m */ = {isa = PBXFileReference; fileEncoding = 4; lastKnownFileType = sourcecode.c.objc; path = DKLaunchHelper.m; sourceTree = "<group>"; };
		116B4CF725BE91980079C6FE /* DKLaunchHelper.h */ = {isa = PBXFileReference; fileEncoding = 4; lastKnownFileType = sourcecode.c.h; path = DKLaunchHelper.h; sourceTree = "<group>"; };
		116B4CF825BE91990079C6FE /* DKLaunchViewController.h */ = {isa = PBXFileReference; fileEncoding = 4; lastKnownFileType = sourcecode.c.h; path = DKLaunchViewController.h; sourceTree = "<group>"; };
		116B4D1D25BE92460079C6FE /* QGHWDShaderTypes.h */ = {isa = PBXFileReference; fileEncoding = 4; lastKnownFileType = sourcecode.c.h; path = QGHWDShaderTypes.h; sourceTree = "<group>"; };
		116B4D1E25BE92460079C6FE /* QGHWDShaders.metal */ = {isa = PBXFileReference; fileEncoding = 4; lastKnownFileType = sourcecode.metal; path = QGHWDShaders.metal; sourceTree = "<group>"; };
		116B4D1F25BE92460079C6FE /* QGHWDMetalShaderSourceDefine.h */ = {isa = PBXFileReference; fileEncoding = 4; lastKnownFileType = sourcecode.c.h; path = QGHWDMetalShaderSourceDefine.h; sourceTree = "<group>"; };
		116B4D2225BE92460079C6FE /* QGMP4Box.m */ = {isa = PBXFileReference; fileEncoding = 4; lastKnownFileType = sourcecode.c.objc; path = QGMP4Box.m; sourceTree = "<group>"; };
		116B4D2325BE92460079C6FE /* QGMP4Parser.h */ = {isa = PBXFileReference; fileEncoding = 4; lastKnownFileType = sourcecode.c.h; path = QGMP4Parser.h; sourceTree = "<group>"; };
		116B4D2425BE92460079C6FE /* QGMP4Parser.m */ = {isa = PBXFileReference; fileEncoding = 4; lastKnownFileType = sourcecode.c.objc; path = QGMP4Parser.m; sourceTree = "<group>"; };
		116B4D2525BE92460079C6FE /* QGMP4Box.h */ = {isa = PBXFileReference; fileEncoding = 4; lastKnownFileType = sourcecode.c.h; path = QGMP4Box.h; sourceTree = "<group>"; };
		116B4D2625BE92460079C6FE /* UIView+VAP.m */ = {isa = PBXFileReference; fileEncoding = 4; lastKnownFileType = sourcecode.c.objc; path = "UIView+VAP.m"; sourceTree = "<group>"; };
		116B4D2825BE92460079C6FE /* QGVAPMetalShaderFunctionLoader.m */ = {isa = PBXFileReference; fileEncoding = 4; lastKnownFileType = sourcecode.c.objc; path = QGVAPMetalShaderFunctionLoader.m; sourceTree = "<group>"; };
		116B4D2925BE92460079C6FE /* QGVAPMetalUtil.h */ = {isa = PBXFileReference; fileEncoding = 4; lastKnownFileType = sourcecode.c.h; path = QGVAPMetalUtil.h; sourceTree = "<group>"; };
		116B4D2A25BE92460079C6FE /* QGVAPSafeMutableDictionary.h */ = {isa = PBXFileReference; fileEncoding = 4; lastKnownFileType = sourcecode.c.h; path = QGVAPSafeMutableDictionary.h; sourceTree = "<group>"; };
		116B4D2B25BE92460079C6FE /* QGVAPSafeMutableArray.h */ = {isa = PBXFileReference; fileEncoding = 4; lastKnownFileType = sourcecode.c.h; path = QGVAPSafeMutableArray.h; sourceTree = "<group>"; };
		116B4D2D25BE92460079C6FE /* QGVAPLogger.m */ = {isa = PBXFileReference; fileEncoding = 4; lastKnownFileType = sourcecode.c.objc; path = QGVAPLogger.m; sourceTree = "<group>"; };
		116B4D2E25BE92460079C6FE /* QGVAPLogger.h */ = {isa = PBXFileReference; fileEncoding = 4; lastKnownFileType = sourcecode.c.h; path = QGVAPLogger.h; sourceTree = "<group>"; };
		116B4D2F25BE92460079C6FE /* QGVAPWeakProxy.m */ = {isa = PBXFileReference; fileEncoding = 4; lastKnownFileType = sourcecode.c.objc; path = QGVAPWeakProxy.m; sourceTree = "<group>"; };
		116B4D3025BE92460079C6FE /* QGVAPMetalUtil.m */ = {isa = PBXFileReference; fileEncoding = 4; lastKnownFileType = sourcecode.c.objc; path = QGVAPMetalUtil.m; sourceTree = "<group>"; };
		116B4D3125BE92460079C6FE /* QGVAPMetalShaderFunctionLoader.h */ = {isa = PBXFileReference; fileEncoding = 4; lastKnownFileType = sourcecode.c.h; path = QGVAPMetalShaderFunctionLoader.h; sourceTree = "<group>"; };
		116B4D3225BE92460079C6FE /* QGVAPSafeMutableArray.m */ = {isa = PBXFileReference; fileEncoding = 4; lastKnownFileType = sourcecode.c.objc; path = QGVAPSafeMutableArray.m; sourceTree = "<group>"; };
		116B4D3325BE92460079C6FE /* QGVAPSafeMutableDictionary.m */ = {isa = PBXFileReference; fileEncoding = 4; lastKnownFileType = sourcecode.c.objc; path = QGVAPSafeMutableDictionary.m; sourceTree = "<group>"; };
		116B4D3425BE92460079C6FE /* QGVAPWeakProxy.h */ = {isa = PBXFileReference; fileEncoding = 4; lastKnownFileType = sourcecode.c.h; path = QGVAPWeakProxy.h; sourceTree = "<group>"; };
		116B4D3625BE92470079C6FE /* NSDictionary+VAPUtil.h */ = {isa = PBXFileReference; fileEncoding = 4; lastKnownFileType = sourcecode.c.h; path = "NSDictionary+VAPUtil.h"; sourceTree = "<group>"; };
		116B4D3725BE92470079C6FE /* NSNotificationCenter+VAPThreadSafe.m */ = {isa = PBXFileReference; fileEncoding = 4; lastKnownFileType = sourcecode.c.objc; path = "NSNotificationCenter+VAPThreadSafe.m"; sourceTree = "<group>"; };
		116B4D3825BE92470079C6FE /* NSArray+VAPUtil.m */ = {isa = PBXFileReference; fileEncoding = 4; lastKnownFileType = sourcecode.c.objc; path = "NSArray+VAPUtil.m"; sourceTree = "<group>"; };
		116B4D3925BE92470079C6FE /* UIDevice+VAPUtil.h */ = {isa = PBXFileReference; fileEncoding = 4; lastKnownFileType = sourcecode.c.h; path = "UIDevice+VAPUtil.h"; sourceTree = "<group>"; };
		116B4D3A25BE92470079C6FE /* UIColor+VAPUtil.h */ = {isa = PBXFileReference; fileEncoding = 4; lastKnownFileType = sourcecode.c.h; path = "UIColor+VAPUtil.h"; sourceTree = "<group>"; };
		116B4D3B25BE92470079C6FE /* UIView+MP4HWDecode.h */ = {isa = PBXFileReference; fileEncoding = 4; lastKnownFileType = sourcecode.c.h; path = "UIView+MP4HWDecode.h"; sourceTree = "<group>"; };
		116B4D3C25BE92470079C6FE /* UIGestureRecognizer+VAPUtil.h */ = {isa = PBXFileReference; fileEncoding = 4; lastKnownFileType = sourcecode.c.h; path = "UIGestureRecognizer+VAPUtil.h"; sourceTree = "<group>"; };
		116B4D3D25BE92470079C6FE /* NSNotificationCenter+VAPThreadSafe.h */ = {isa = PBXFileReference; fileEncoding = 4; lastKnownFileType = sourcecode.c.h; path = "NSNotificationCenter+VAPThreadSafe.h"; sourceTree = "<group>"; };
		116B4D3E25BE92470079C6FE /* NSDictionary+VAPUtil.m */ = {isa = PBXFileReference; fileEncoding = 4; lastKnownFileType = sourcecode.c.objc; path = "NSDictionary+VAPUtil.m"; sourceTree = "<group>"; };
		116B4D3F25BE92470079C6FE /* UIDevice+VAPUtil.m */ = {isa = PBXFileReference; fileEncoding = 4; lastKnownFileType = sourcecode.c.objc; path = "UIDevice+VAPUtil.m"; sourceTree = "<group>"; };
		116B4D4025BE92470079C6FE /* NSArray+VAPUtil.h */ = {isa = PBXFileReference; fileEncoding = 4; lastKnownFileType = sourcecode.c.h; path = "NSArray+VAPUtil.h"; sourceTree = "<group>"; };
		116B4D4125BE92470079C6FE /* UIColor+VAPUtil.m */ = {isa = PBXFileReference; fileEncoding = 4; lastKnownFileType = sourcecode.c.objc; path = "UIColor+VAPUtil.m"; sourceTree = "<group>"; };
		116B4D4225BE92470079C6FE /* UIView+MP4HWDecode.m */ = {isa = PBXFileReference; fileEncoding = 4; lastKnownFileType = sourcecode.c.objc; path = "UIView+MP4HWDecode.m"; sourceTree = "<group>"; };
		116B4D4325BE92470079C6FE /* UIGestureRecognizer+VAPUtil.m */ = {isa = PBXFileReference; fileEncoding = 4; lastKnownFileType = sourcecode.c.objc; path = "UIGestureRecognizer+VAPUtil.m"; sourceTree = "<group>"; };
		116B4D4525BE92470079C6FE /* QGMP4AnimatedImageFrame.m */ = {isa = PBXFileReference; fileEncoding = 4; lastKnownFileType = sourcecode.c.objc; path = QGMP4AnimatedImageFrame.m; sourceTree = "<group>"; };
		116B4D4625BE92470079C6FE /* QGBaseDFileInfo.h */ = {isa = PBXFileReference; fileEncoding = 4; lastKnownFileType = sourcecode.c.h; path = QGBaseDFileInfo.h; sourceTree = "<group>"; };
		116B4D4725BE92470079C6FE /* QGVAPMaskInfo.m */ = {isa = PBXFileReference; fileEncoding = 4; lastKnownFileType = sourcecode.c.objc; path = QGVAPMaskInfo.m; sourceTree = "<group>"; };
		116B4D4825BE92470079C6FE /* QGBaseAnimatedImageFrame.h */ = {isa = PBXFileReference; fileEncoding = 4; lastKnownFileType = sourcecode.c.h; path = QGBaseAnimatedImageFrame.h; sourceTree = "<group>"; };
		116B4D4925BE92470079C6FE /* QGVAPTextureLoader.m */ = {isa = PBXFileReference; fileEncoding = 4; lastKnownFileType = sourcecode.c.objc; path = QGVAPTextureLoader.m; sourceTree = "<group>"; };
		116B4D4A25BE92470079C6FE /* QGMP4HWDFileInfo.m */ = {isa = PBXFileReference; fileEncoding = 4; lastKnownFileType = sourcecode.c.objc; path = QGMP4HWDFileInfo.m; sourceTree = "<group>"; };
		116B4D4B25BE92470079C6FE /* QGVAPConfigModel.h */ = {isa = PBXFileReference; fileEncoding = 4; lastKnownFileType = sourcecode.c.h; path = QGVAPConfigModel.h; sourceTree = "<group>"; };
		116B4D4C25BE92470079C6FE /* QGBaseAnimatedImageFrame+Displaying.h */ = {isa = PBXFileReference; fileEncoding = 4; lastKnownFileType = sourcecode.c.h; path = "QGBaseAnimatedImageFrame+Displaying.h"; sourceTree = "<group>"; };
		116B4D4D25BE92470079C6FE /* QGBaseDFileInfo.m */ = {isa = PBXFileReference; fileEncoding = 4; lastKnownFileType = sourcecode.c.objc; path = QGBaseDFileInfo.m; sourceTree = "<group>"; };
		116B4D4E25BE92470079C6FE /* QGMP4AnimatedImageFrame.h */ = {isa = PBXFileReference; fileEncoding = 4; lastKnownFileType = sourcecode.c.h; path = QGMP4AnimatedImageFrame.h; sourceTree = "<group>"; };
		116B4D4F25BE92470079C6FE /* QGVAPMaskInfo.h */ = {isa = PBXFileReference; fileEncoding = 4; lastKnownFileType = sourcecode.c.h; path = QGVAPMaskInfo.h; sourceTree = "<group>"; };
		116B4D5025BE92470079C6FE /* QGVAPConfigModel.m */ = {isa = PBXFileReference; fileEncoding = 4; lastKnownFileType = sourcecode.c.objc; path = QGVAPConfigModel.m; sourceTree = "<group>"; };
		116B4D5125BE92470079C6FE /* QGMP4HWDFileInfo.h */ = {isa = PBXFileReference; fileEncoding = 4; lastKnownFileType = sourcecode.c.h; path = QGMP4HWDFileInfo.h; sourceTree = "<group>"; };
		116B4D5225BE92470079C6FE /* QGVAPTextureLoader.h */ = {isa = PBXFileReference; fileEncoding = 4; lastKnownFileType = sourcecode.c.h; path = QGVAPTextureLoader.h; sourceTree = "<group>"; };
		116B4D5325BE92470079C6FE /* QGBaseAnimatedImageFrame.m */ = {isa = PBXFileReference; fileEncoding = 4; lastKnownFileType = sourcecode.c.objc; path = QGBaseAnimatedImageFrame.m; sourceTree = "<group>"; };
		116B4D5425BE92470079C6FE /* QGBaseAnimatedImageFrame+Displaying.m */ = {isa = PBXFileReference; fileEncoding = 4; lastKnownFileType = sourcecode.c.objc; path = "QGBaseAnimatedImageFrame+Displaying.m"; sourceTree = "<group>"; };
		116B4D5525BE92470079C6FE /* VAPMacros.h */ = {isa = PBXFileReference; fileEncoding = 4; lastKnownFileType = sourcecode.c.h; path = VAPMacros.h; sourceTree = "<group>"; };
		116B4D5625BE92470079C6FE /* UIView+VAP.h */ = {isa = PBXFileReference; fileEncoding = 4; lastKnownFileType = sourcecode.c.h; path = "UIView+VAP.h"; sourceTree = "<group>"; };
		116B4D5725BE92470079C6FE /* QGVAPlayer.h */ = {isa = PBXFileReference; fileEncoding = 4; lastKnownFileType = sourcecode.c.h; path = QGVAPlayer.h; sourceTree = "<group>"; };
		116B4D5925BE92470079C6FE /* QGAnimatedImageDecodeConfig.m */ = {isa = PBXFileReference; fileEncoding = 4; lastKnownFileType = sourcecode.c.objc; path = QGAnimatedImageDecodeConfig.m; sourceTree = "<group>"; };
		116B4D5A25BE92470079C6FE /* QGVAPConfigManager.m */ = {isa = PBXFileReference; fileEncoding = 4; lastKnownFileType = sourcecode.c.objc; path = QGVAPConfigManager.m; sourceTree = "<group>"; };
		116B4D5B25BE92470079C6FE /* QGAnimatedImageDecodeThread.h */ = {isa = PBXFileReference; fileEncoding = 4; lastKnownFileType = sourcecode.c.h; path = QGAnimatedImageDecodeThread.h; sourceTree = "<group>"; };
		116B4D5C25BE92470079C6FE /* QGAnimatedImageDecodeThreadPool.h */ = {isa = PBXFileReference; fileEncoding = 4; lastKnownFileType = sourcecode.c.h; path = QGAnimatedImageDecodeThreadPool.h; sourceTree = "<group>"; };
		116B4D5D25BE92470079C6FE /* QGAnimatedImageBufferManager.h */ = {isa = PBXFileReference; fileEncoding = 4; lastKnownFileType = sourcecode.c.h; path = QGAnimatedImageBufferManager.h; sourceTree = "<group>"; };
		116B4D5E25BE92470079C6FE /* QGAnimatedImageDecodeManager.h */ = {isa = PBXFileReference; fileEncoding = 4; lastKnownFileType = sourcecode.c.h; path = QGAnimatedImageDecodeManager.h; sourceTree = "<group>"; };
		116B4D5F25BE92470079C6FE /* QGAnimatedImageDecodeConfig.h */ = {isa = PBXFileReference; fileEncoding = 4; lastKnownFileType = sourcecode.c.h; path = QGAnimatedImageDecodeConfig.h; sourceTree = "<group>"; };
		116B4D6025BE92470079C6FE /* QGAnimatedImageDecodeThreadPool.m */ = {isa = PBXFileReference; fileEncoding = 4; lastKnownFileType = sourcecode.c.objc; path = QGAnimatedImageDecodeThreadPool.m; sourceTree = "<group>"; };
		116B4D6225BE92470079C6FE /* QGBaseDecoder.m */ = {isa = PBXFileReference; fileEncoding = 4; lastKnownFileType = sourcecode.c.objc; path = QGBaseDecoder.m; sourceTree = "<group>"; };
		116B4D6325BE92470079C6FE /* QGMP4FrameHWDecoder.m */ = {isa = PBXFileReference; fileEncoding = 4; lastKnownFileType = sourcecode.c.objc; path = QGMP4FrameHWDecoder.m; sourceTree = "<group>"; };
		116B4D6425BE92470079C6FE /* QGBaseDecoder.h */ = {isa = PBXFileReference; fileEncoding = 4; lastKnownFileType = sourcecode.c.h; path = QGBaseDecoder.h; sourceTree = "<group>"; };
		116B4D6525BE92470079C6FE /* QGMP4FrameHWDecoder.h */ = {isa = PBXFileReference; fileEncoding = 4; lastKnownFileType = sourcecode.c.h; path = QGMP4FrameHWDecoder.h; sourceTree = "<group>"; };
		116B4D6625BE92470079C6FE /* QGAnimatedImageDecodeThread.m */ = {isa = PBXFileReference; fileEncoding = 4; lastKnownFileType = sourcecode.c.objc; path = QGAnimatedImageDecodeThread.m; sourceTree = "<group>"; };
		116B4D6725BE92470079C6FE /* QGVAPConfigManager.h */ = {isa = PBXFileReference; fileEncoding = 4; lastKnownFileType = sourcecode.c.h; path = QGVAPConfigManager.h; sourceTree = "<group>"; };
		116B4D6825BE92470079C6FE /* QGAnimatedImageBufferManager.m */ = {isa = PBXFileReference; fileEncoding = 4; lastKnownFileType = sourcecode.c.objc; path = QGAnimatedImageBufferManager.m; sourceTree = "<group>"; };
		116B4D6925BE92470079C6FE /* QGAnimatedImageDecodeManager.m */ = {isa = PBXFileReference; fileEncoding = 4; lastKnownFileType = sourcecode.c.objc; path = QGAnimatedImageDecodeManager.m; sourceTree = "<group>"; };
		116B4D6C25BE92470079C6FE /* QGHWDMetalView.m */ = {isa = PBXFileReference; fileEncoding = 4; lastKnownFileType = sourcecode.c.objc; path = QGHWDMetalView.m; sourceTree = "<group>"; };
		116B4D6E25BE92470079C6FE /* QGVAPMetalView.m */ = {isa = PBXFileReference; fileEncoding = 4; lastKnownFileType = sourcecode.c.objc; path = QGVAPMetalView.m; sourceTree = "<group>"; };
		116B4D6F25BE92470079C6FE /* QGVAPMetalRenderer.m */ = {isa = PBXFileReference; fileEncoding = 4; lastKnownFileType = sourcecode.c.objc; path = QGVAPMetalRenderer.m; sourceTree = "<group>"; };
		116B4D7025BE92470079C6FE /* QGVAPMetalView.h */ = {isa = PBXFileReference; fileEncoding = 4; lastKnownFileType = sourcecode.c.h; path = QGVAPMetalView.h; sourceTree = "<group>"; };
		116B4D7125BE92470079C6FE /* QGVAPMetalRenderer.h */ = {isa = PBXFileReference; fileEncoding = 4; lastKnownFileType = sourcecode.c.h; path = QGVAPMetalRenderer.h; sourceTree = "<group>"; };
		116B4D7225BE92470079C6FE /* QGHWDMetalRenderer.m */ = {isa = PBXFileReference; fileEncoding = 4; lastKnownFileType = sourcecode.c.objc; path = QGHWDMetalRenderer.m; sourceTree = "<group>"; };
		116B4D7325BE92470079C6FE /* QGHWDMetalView.h */ = {isa = PBXFileReference; fileEncoding = 4; lastKnownFileType = sourcecode.c.h; path = QGHWDMetalView.h; sourceTree = "<group>"; };
		116B4D7425BE92470079C6FE /* QGHWDMetalRenderer.h */ = {isa = PBXFileReference; fileEncoding = 4; lastKnownFileType = sourcecode.c.h; path = QGHWDMetalRenderer.h; sourceTree = "<group>"; };
		116B4D7625BE92470079C6FE /* QGHWDMP4OpenGLView.m */ = {isa = PBXFileReference; fileEncoding = 4; lastKnownFileType = sourcecode.c.objc; path = QGHWDMP4OpenGLView.m; sourceTree = "<group>"; };
		116B4D7725BE92470079C6FE /* QGHWDMP4OpenGLView.h */ = {isa = PBXFileReference; fileEncoding = 4; lastKnownFileType = sourcecode.c.h; path = QGHWDMP4OpenGLView.h; sourceTree = "<group>"; };
		11D27C9C25208FC800AE6337 /* NSArray+Utils.h */ = {isa = PBXFileReference; lastKnownFileType = sourcecode.c.h; path = "NSArray+Utils.h"; sourceTree = "<group>"; };
		11D27C9D25208FC800AE6337 /* NSArray+Utils.m */ = {isa = PBXFileReference; lastKnownFileType = sourcecode.c.objc; path = "NSArray+Utils.m"; sourceTree = "<group>"; };
/* End PBXFileReference section */

/* Begin PBXFrameworksBuildPhase section */
		114CCC2121F817D500A4646E /* Frameworks */ = {
			isa = PBXFrameworksBuildPhase;
			buildActionMask = 2147483647;
			files = (
			);
			runOnlyForDeploymentPostprocessing = 0;
		};
		114CCC3521F817D500A4646E /* Frameworks */ = {
			isa = PBXFrameworksBuildPhase;
			buildActionMask = 2147483647;
			files = (
				114CCC3E21F817D500A4646E /* JavaScriptCore.framework in Frameworks */,
				114CCC4221F817D500A4646E /* UIKit.framework in Frameworks */,
				114CCC4021F817D500A4646E /* Foundation.framework in Frameworks */,
			);
			runOnlyForDeploymentPostprocessing = 0;
		};
/* End PBXFrameworksBuildPhase section */

/* Begin PBXGroup section */
		114CCC1B21F817D500A4646E = {
			isa = PBXGroup;
			children = (
				114CCC2921F817D500A4646E /* dkhelper */,
				114CCC4321F817D500A4646E /* dkhelperDylib */,
				114CCC3C21F817D500A4646E /* Frameworks */,
				114CCC2821F817D500A4646E /* Products */,
			);
			sourceTree = "<group>";
		};
		114CCC2821F817D500A4646E /* Products */ = {
			isa = PBXGroup;
			children = (
				114CCC2721F817D500A4646E /* dkhelper.app */,
				114CCC3821F817D500A4646E /* libdkhelperDylib.dylib */,
			);
			name = Products;
			sourceTree = "<group>";
		};
		114CCC2921F817D500A4646E /* dkhelper */ = {
			isa = PBXGroup;
			children = (
				114CCC2A21F817D500A4646E /* icon.png */,
				114CCC2B21F817D500A4646E /* Scripts */,
				114CCC2D21F817D500A4646E /* Config */,
				114CCC3021F817D500A4646E /* TargetApp */,
			);
			path = dkhelper;
			sourceTree = "<group>";
		};
		114CCC2B21F817D500A4646E /* Scripts */ = {
			isa = PBXGroup;
			children = (
				114CCC2C21F817D500A4646E /* quick-resign.sh */,
			);
			name = Scripts;
			sourceTree = "<group>";
		};
		114CCC2D21F817D500A4646E /* Config */ = {
			isa = PBXGroup;
			children = (
				114CCC2E21F817D500A4646E /* MDConfig.plist */,
			);
			name = Config;
			sourceTree = "<group>";
		};
		114CCC3021F817D500A4646E /* TargetApp */ = {
			isa = PBXGroup;
			children = (
				114CCC3121F817D500A4646E /* put ipa or app here */,
			);
			name = TargetApp;
			sourceTree = "<group>";
		};
		114CCC3C21F817D500A4646E /* Frameworks */ = {
			isa = PBXGroup;
			children = (
				114CCC3D21F817D500A4646E /* JavaScriptCore.framework */,
				114CCC3F21F817D500A4646E /* Foundation.framework */,
				114CCC4121F817D500A4646E /* UIKit.framework */,
			);
			name = Frameworks;
			sourceTree = "<group>";
		};
		114CCC4321F817D500A4646E /* dkhelperDylib */ = {
			isa = PBXGroup;
			children = (
				116B4D1B25BE92460079C6FE /* QGVAPlayer */,
				114CCC8921F8307500A4646E /* wechatHeaders */,
				114CCC8821F8306500A4646E /* MyUtils */,
				114CCC7C21F817D500A4646E /* dkhelperDylib.h */,
				114CCC7E21F817D500A4646E /* dkhelperDylib.m */,
				116B4CF825BE91990079C6FE /* DKLaunchViewController.h */,
				116B4CF525BE91980079C6FE /* DKLaunchViewController.m */,
				114CCC9B21F831EA00A4646E /* DKHelperSettingController.h */,
				114CCC9A21F831EA00A4646E /* DKHelperSettingController.m */,
				114CCC9E21F8323D00A4646E /* DKGroupFilterController.h */,
				114CCC9F21F8323D00A4646E /* DKGroupFilterController.m */,
				1138B1C5251D9049008A6629 /* DKCleanFriendsController.h */,
				1138B1C6251D9049008A6629 /* DKCleanFriendsController.m */,
				114CCC4421F817D500A4646E /* Logos */,
				114CCC4821F817D500A4646E /* Config */,
				114CCC5521F817D500A4646E /* Trace */,
				114CCC6D21F817D500A4646E /* Tools */,
				114CCC7421F817D500A4646E /* AntiAntiDebug */,
				114CCC7721F817D500A4646E /* fishhook */,
				114CCC7221F817D500A4646E /* Supporting Files */,
			);
			path = dkhelperDylib;
			sourceTree = "<group>";
		};
		114CCC4421F817D500A4646E /* Logos */ = {
			isa = PBXGroup;
			children = (
				114CCC4521F817D500A4646E /* dkhelperDylib.xm */,
				114CCC4621F817D500A4646E /* dkhelperDylib.mm */,
			);
			name = Logos;
			sourceTree = "<group>";
		};
		114CCC4821F817D500A4646E /* Config */ = {
			isa = PBXGroup;
			children = (
				114CCC4921F817D500A4646E /* MDConfigManager.h */,
				114CCC4B21F817D500A4646E /* MDConfigManager.m */,
				114CCC4D21F817D500A4646E /* MDCycriptManager.h */,
				114CCC4F21F817D500A4646E /* MDCycriptManager.m */,
				114CCC5121F817D500A4646E /* MDMethodTrace.h */,
				114CCC5321F817D500A4646E /* MDMethodTrace.m */,
			);
			name = Config;
			sourceTree = "<group>";
		};
		114CCC5521F817D500A4646E /* Trace */ = {
			isa = PBXGroup;
			children = (
				114CCC5621F817D500A4646E /* a1a2-selectortramps-arm.s */,
				114CCC5821F817D500A4646E /* a1a2-selectortramps-arm64.s */,
				114CCC5A21F817D500A4646E /* a1a2-selectortramps-i386.s */,
				114CCC5C21F817D500A4646E /* a1a2-selectortramps-x86_64.s */,
				114CCC5E21F817D500A4646E /* a2a3-selectortramps-arm.s */,
				114CCC6021F817D500A4646E /* a2a3-selectortramps-i386.s */,
				114CCC6221F817D500A4646E /* a2a3-selectortramps-x86_64.s */,
				114CCC6421F817D500A4646E /* OCMethodTrace.h */,
				114CCC6621F817D500A4646E /* OCMethodTrace.m */,
				114CCC6821F817D500A4646E /* OCSelectorTrampolines.h */,
				114CCC6A21F817D500A4646E /* OCSelectorTrampolines.mm */,
				114CCC6C21F817D500A4646E /* selectortramps.mac */,
			);
			name = Trace;
			sourceTree = "<group>";
		};
		114CCC6D21F817D500A4646E /* Tools */ = {
			isa = PBXGroup;
			children = (
				114CCC6E21F817D500A4646E /* LLDBTools.h */,
				114CCC7021F817D500A4646E /* LLDBTools.mm */,
			);
			name = Tools;
			sourceTree = "<group>";
		};
		114CCC7221F817D500A4646E /* Supporting Files */ = {
			isa = PBXGroup;
			children = (
				114CCC7321F817D500A4646E /* dkhelperDylib-Prefix.pch */,
			);
			name = "Supporting Files";
			sourceTree = "<group>";
		};
		114CCC7421F817D500A4646E /* AntiAntiDebug */ = {
			isa = PBXGroup;
			children = (
				114CCC7521F817D500A4646E /* AntiAntiDebug.m */,
			);
			name = AntiAntiDebug;
			sourceTree = "<group>";
		};
		114CCC7721F817D500A4646E /* fishhook */ = {
			isa = PBXGroup;
			children = (
				114CCC7821F817D500A4646E /* fishhook.c */,
				114CCC7A21F817D500A4646E /* fishhook.h */,
			);
			name = fishhook;
			sourceTree = "<group>";
		};
		114CCC8821F8306500A4646E /* MyUtils */ = {
			isa = PBXGroup;
			children = (
				116B4CF725BE91980079C6FE /* DKLaunchHelper.h */,
				116B4CF625BE91980079C6FE /* DKLaunchHelper.m */,
				114CCC9621F831D400A4646E /* DKHelperConfig.h */,
				114CCC9721F831D400A4646E /* DKHelperConfig.m */,
				114CCC9221F831C200A4646E /* DKHelper.h */,
				114CCC9321F831C200A4646E /* DKHelper.m */,
				11D27C9C25208FC800AE6337 /* NSArray+Utils.h */,
				11D27C9D25208FC800AE6337 /* NSArray+Utils.m */,
			);
			path = MyUtils;
			sourceTree = "<group>";
		};
		114CCC8921F8307500A4646E /* wechatHeaders */ = {
			isa = PBXGroup;
			children = (
				114CCC8E21F830D200A4646E /* UiUtil.h */,
				114CCC8C21F830D200A4646E /* WCUIAlertView.h */,
				114CCC8D21F830D200A4646E /* WechatHeaders.h */,
				114CCC8A21F830C800A4646E /* MMUICommonUtil.h */,
			);
			path = wechatHeaders;
			sourceTree = "<group>";
		};
		116B4D1B25BE92460079C6FE /* QGVAPlayer */ = {
			isa = PBXGroup;
			children = (
				116B4D1C25BE92460079C6FE /* Shaders */,
				116B4D2025BE92460079C6FE /* class */,
			);
			path = QGVAPlayer;
			sourceTree = "<group>";
		};
		116B4D1C25BE92460079C6FE /* Shaders */ = {
			isa = PBXGroup;
			children = (
				116B4D1D25BE92460079C6FE /* QGHWDShaderTypes.h */,
				116B4D1E25BE92460079C6FE /* QGHWDShaders.metal */,
				116B4D1F25BE92460079C6FE /* QGHWDMetalShaderSourceDefine.h */,
			);
			path = Shaders;
			sourceTree = "<group>";
		};
		116B4D2025BE92460079C6FE /* class */ = {
			isa = PBXGroup;
			children = (
				116B4D2125BE92460079C6FE /* MP4Parser */,
				116B4D2625BE92460079C6FE /* UIView+VAP.m */,
				116B4D2725BE92460079C6FE /* Utils */,
				116B4D4425BE92470079C6FE /* Models */,
				116B4D5525BE92470079C6FE /* VAPMacros.h */,
				116B4D5625BE92470079C6FE /* UIView+VAP.h */,
				116B4D5725BE92470079C6FE /* QGVAPlayer.h */,
				116B4D5825BE92470079C6FE /* Controllers */,
				116B4D6A25BE92470079C6FE /* Views */,
			);
			path = class;
			sourceTree = "<group>";
		};
		116B4D2125BE92460079C6FE /* MP4Parser */ = {
			isa = PBXGroup;
			children = (
				116B4D2225BE92460079C6FE /* QGMP4Box.m */,
				116B4D2325BE92460079C6FE /* QGMP4Parser.h */,
				116B4D2425BE92460079C6FE /* QGMP4Parser.m */,
				116B4D2525BE92460079C6FE /* QGMP4Box.h */,
			);
			path = MP4Parser;
			sourceTree = "<group>";
		};
		116B4D2725BE92460079C6FE /* Utils */ = {
			isa = PBXGroup;
			children = (
				116B4D2825BE92460079C6FE /* QGVAPMetalShaderFunctionLoader.m */,
				116B4D2925BE92460079C6FE /* QGVAPMetalUtil.h */,
				116B4D2A25BE92460079C6FE /* QGVAPSafeMutableDictionary.h */,
				116B4D2B25BE92460079C6FE /* QGVAPSafeMutableArray.h */,
				116B4D2C25BE92460079C6FE /* Logger */,
				116B4D2F25BE92460079C6FE /* QGVAPWeakProxy.m */,
				116B4D3025BE92460079C6FE /* QGVAPMetalUtil.m */,
				116B4D3125BE92460079C6FE /* QGVAPMetalShaderFunctionLoader.h */,
				116B4D3225BE92460079C6FE /* QGVAPSafeMutableArray.m */,
				116B4D3325BE92460079C6FE /* QGVAPSafeMutableDictionary.m */,
				116B4D3425BE92460079C6FE /* QGVAPWeakProxy.h */,
				116B4D3525BE92470079C6FE /* Categorys */,
			);
			path = Utils;
			sourceTree = "<group>";
		};
		116B4D2C25BE92460079C6FE /* Logger */ = {
			isa = PBXGroup;
			children = (
				116B4D2D25BE92460079C6FE /* QGVAPLogger.m */,
				116B4D2E25BE92460079C6FE /* QGVAPLogger.h */,
			);
			path = Logger;
			sourceTree = "<group>";
		};
		116B4D3525BE92470079C6FE /* Categorys */ = {
			isa = PBXGroup;
			children = (
				116B4D3625BE92470079C6FE /* NSDictionary+VAPUtil.h */,
				116B4D3725BE92470079C6FE /* NSNotificationCenter+VAPThreadSafe.m */,
				116B4D3825BE92470079C6FE /* NSArray+VAPUtil.m */,
				116B4D3925BE92470079C6FE /* UIDevice+VAPUtil.h */,
				116B4D3A25BE92470079C6FE /* UIColor+VAPUtil.h */,
				116B4D3B25BE92470079C6FE /* UIView+MP4HWDecode.h */,
				116B4D3C25BE92470079C6FE /* UIGestureRecognizer+VAPUtil.h */,
				116B4D3D25BE92470079C6FE /* NSNotificationCenter+VAPThreadSafe.h */,
				116B4D3E25BE92470079C6FE /* NSDictionary+VAPUtil.m */,
				116B4D3F25BE92470079C6FE /* UIDevice+VAPUtil.m */,
				116B4D4025BE92470079C6FE /* NSArray+VAPUtil.h */,
				116B4D4125BE92470079C6FE /* UIColor+VAPUtil.m */,
				116B4D4225BE92470079C6FE /* UIView+MP4HWDecode.m */,
				116B4D4325BE92470079C6FE /* UIGestureRecognizer+VAPUtil.m */,
			);
			path = Categorys;
			sourceTree = "<group>";
		};
		116B4D4425BE92470079C6FE /* Models */ = {
			isa = PBXGroup;
			children = (
				116B4D4525BE92470079C6FE /* QGMP4AnimatedImageFrame.m */,
				116B4D4625BE92470079C6FE /* QGBaseDFileInfo.h */,
				116B4D4725BE92470079C6FE /* QGVAPMaskInfo.m */,
				116B4D4825BE92470079C6FE /* QGBaseAnimatedImageFrame.h */,
				116B4D4925BE92470079C6FE /* QGVAPTextureLoader.m */,
				116B4D4A25BE92470079C6FE /* QGMP4HWDFileInfo.m */,
				116B4D4B25BE92470079C6FE /* QGVAPConfigModel.h */,
				116B4D4C25BE92470079C6FE /* QGBaseAnimatedImageFrame+Displaying.h */,
				116B4D4D25BE92470079C6FE /* QGBaseDFileInfo.m */,
				116B4D4E25BE92470079C6FE /* QGMP4AnimatedImageFrame.h */,
				116B4D4F25BE92470079C6FE /* QGVAPMaskInfo.h */,
				116B4D5025BE92470079C6FE /* QGVAPConfigModel.m */,
				116B4D5125BE92470079C6FE /* QGMP4HWDFileInfo.h */,
				116B4D5225BE92470079C6FE /* QGVAPTextureLoader.h */,
				116B4D5325BE92470079C6FE /* QGBaseAnimatedImageFrame.m */,
				116B4D5425BE92470079C6FE /* QGBaseAnimatedImageFrame+Displaying.m */,
			);
			path = Models;
			sourceTree = "<group>";
		};
		116B4D5825BE92470079C6FE /* Controllers */ = {
			isa = PBXGroup;
			children = (
				116B4D5925BE92470079C6FE /* QGAnimatedImageDecodeConfig.m */,
				116B4D5A25BE92470079C6FE /* QGVAPConfigManager.m */,
				116B4D5B25BE92470079C6FE /* QGAnimatedImageDecodeThread.h */,
				116B4D5C25BE92470079C6FE /* QGAnimatedImageDecodeThreadPool.h */,
				116B4D5D25BE92470079C6FE /* QGAnimatedImageBufferManager.h */,
				116B4D5E25BE92470079C6FE /* QGAnimatedImageDecodeManager.h */,
				116B4D5F25BE92470079C6FE /* QGAnimatedImageDecodeConfig.h */,
				116B4D6025BE92470079C6FE /* QGAnimatedImageDecodeThreadPool.m */,
				116B4D6125BE92470079C6FE /* Decoders */,
				116B4D6625BE92470079C6FE /* QGAnimatedImageDecodeThread.m */,
				116B4D6725BE92470079C6FE /* QGVAPConfigManager.h */,
				116B4D6825BE92470079C6FE /* QGAnimatedImageBufferManager.m */,
				116B4D6925BE92470079C6FE /* QGAnimatedImageDecodeManager.m */,
			);
			path = Controllers;
			sourceTree = "<group>";
		};
		116B4D6125BE92470079C6FE /* Decoders */ = {
			isa = PBXGroup;
			children = (
				116B4D6225BE92470079C6FE /* QGBaseDecoder.m */,
				116B4D6325BE92470079C6FE /* QGMP4FrameHWDecoder.m */,
				116B4D6425BE92470079C6FE /* QGBaseDecoder.h */,
				116B4D6525BE92470079C6FE /* QGMP4FrameHWDecoder.h */,
			);
			path = Decoders;
			sourceTree = "<group>";
		};
		116B4D6A25BE92470079C6FE /* Views */ = {
			isa = PBXGroup;
			children = (
				116B4D6B25BE92470079C6FE /* Metal */,
				116B4D7525BE92470079C6FE /* OpenGL */,
			);
			path = Views;
			sourceTree = "<group>";
		};
		116B4D6B25BE92470079C6FE /* Metal */ = {
			isa = PBXGroup;
			children = (
				116B4D6C25BE92470079C6FE /* QGHWDMetalView.m */,
				116B4D6D25BE92470079C6FE /* Vapx */,
				116B4D7225BE92470079C6FE /* QGHWDMetalRenderer.m */,
				116B4D7325BE92470079C6FE /* QGHWDMetalView.h */,
				116B4D7425BE92470079C6FE /* QGHWDMetalRenderer.h */,
			);
			path = Metal;
			sourceTree = "<group>";
		};
		116B4D6D25BE92470079C6FE /* Vapx */ = {
			isa = PBXGroup;
			children = (
				116B4D6E25BE92470079C6FE /* QGVAPMetalView.m */,
				116B4D6F25BE92470079C6FE /* QGVAPMetalRenderer.m */,
				116B4D7025BE92470079C6FE /* QGVAPMetalView.h */,
				116B4D7125BE92470079C6FE /* QGVAPMetalRenderer.h */,
			);
			path = Vapx;
			sourceTree = "<group>";
		};
		116B4D7525BE92470079C6FE /* OpenGL */ = {
			isa = PBXGroup;
			children = (
				116B4D7625BE92470079C6FE /* QGHWDMP4OpenGLView.m */,
				116B4D7725BE92470079C6FE /* QGHWDMP4OpenGLView.h */,
			);
			path = OpenGL;
			sourceTree = "<group>";
		};
/* End PBXGroup section */

/* Begin PBXHeadersBuildPhase section */
		114CCC3621F817D500A4646E /* Headers */ = {
			isa = PBXHeadersBuildPhase;
			buildActionMask = 2147483647;
			files = (
				116B4D8125BE92470079C6FE /* QGVAPMetalUtil.h in Headers */,
				116B4D8325BE92470079C6FE /* QGVAPSafeMutableArray.h in Headers */,
				116B4DC025BE92470079C6FE /* QGVAPMetalView.h in Headers */,
				116B4DBA25BE92470079C6FE /* QGVAPConfigManager.h in Headers */,
				116B4D9125BE92470079C6FE /* UIView+MP4HWDecode.h in Headers */,
				116B4DAB25BE92470079C6FE /* UIView+VAP.h in Headers */,
				114CCC7D21F817D500A4646E /* dkhelperDylib.h in Headers */,
				116B4DAF25BE92470079C6FE /* QGAnimatedImageDecodeThread.h in Headers */,
				114CCC4E21F817D500A4646E /* MDCycriptManager.h in Headers */,
				116B4D8C25BE92470079C6FE /* NSDictionary+VAPUtil.h in Headers */,
				116B4D7C25BE92470079C6FE /* QGMP4Parser.h in Headers */,
				116B4D8F25BE92470079C6FE /* UIDevice+VAPUtil.h in Headers */,
				114CCC5221F817D500A4646E /* MDMethodTrace.h in Headers */,
				114CCC9821F831D400A4646E /* DKHelperConfig.h in Headers */,
				114CCC8B21F830C800A4646E /* MMUICommonUtil.h in Headers */,
				116B4DB825BE92470079C6FE /* QGMP4FrameHWDecoder.h in Headers */,
				116B4D7A25BE92470079C6FE /* QGHWDMetalShaderSourceDefine.h in Headers */,
				116B4D9025BE92470079C6FE /* UIColor+VAPUtil.h in Headers */,
				116B4DAA25BE92470079C6FE /* VAPMacros.h in Headers */,
				114CCCA021F8323E00A4646E /* DKGroupFilterController.h in Headers */,
				116B4DC625BE92470079C6FE /* QGHWDMP4OpenGLView.h in Headers */,
				116B4DC325BE92470079C6FE /* QGHWDMetalView.h in Headers */,
				116B4DB225BE92470079C6FE /* QGAnimatedImageDecodeManager.h in Headers */,
				116B4DB725BE92470079C6FE /* QGBaseDecoder.h in Headers */,
				114CCC9421F831C200A4646E /* DKHelper.h in Headers */,
				116B4DC125BE92470079C6FE /* QGVAPMetalRenderer.h in Headers */,
				116B4DA125BE92470079C6FE /* QGBaseAnimatedImageFrame+Displaying.h in Headers */,
				114CCC9021F830D200A4646E /* WechatHeaders.h in Headers */,
				116B4D7E25BE92470079C6FE /* QGMP4Box.h in Headers */,
				114CCC9D21F831EB00A4646E /* DKHelperSettingController.h in Headers */,
				11D27C9E25208FC800AE6337 /* NSArray+Utils.h in Headers */,
				116B4CFB25BE91990079C6FE /* DKLaunchHelper.h in Headers */,
				116B4DA425BE92470079C6FE /* QGVAPMaskInfo.h in Headers */,
				114CCC8F21F830D200A4646E /* WCUIAlertView.h in Headers */,
				116B4D8225BE92470079C6FE /* QGVAPSafeMutableDictionary.h in Headers */,
				116B4DA625BE92470079C6FE /* QGMP4HWDFileInfo.h in Headers */,
				116B4DA325BE92470079C6FE /* QGMP4AnimatedImageFrame.h in Headers */,
				116B4DA025BE92470079C6FE /* QGVAPConfigModel.h in Headers */,
				114CCC7B21F817D500A4646E /* fishhook.h in Headers */,
				116B4DAC25BE92470079C6FE /* QGVAPlayer.h in Headers */,
				114CCC6F21F817D500A4646E /* LLDBTools.h in Headers */,
				116B4D8825BE92470079C6FE /* QGVAPMetalShaderFunctionLoader.h in Headers */,
				114CCC4A21F817D500A4646E /* MDConfigManager.h in Headers */,
				114CCC6921F817D500A4646E /* OCSelectorTrampolines.h in Headers */,
				116B4DC425BE92470079C6FE /* QGHWDMetalRenderer.h in Headers */,
				116B4D8B25BE92470079C6FE /* QGVAPWeakProxy.h in Headers */,
				116B4D8525BE92470079C6FE /* QGVAPLogger.h in Headers */,
				116B4D9D25BE92470079C6FE /* QGBaseAnimatedImageFrame.h in Headers */,
				116B4DB025BE92470079C6FE /* QGAnimatedImageDecodeThreadPool.h in Headers */,
				114CCC9121F830D200A4646E /* UiUtil.h in Headers */,
				116B4D9B25BE92470079C6FE /* QGBaseDFileInfo.h in Headers */,
				116B4D9225BE92470079C6FE /* UIGestureRecognizer+VAPUtil.h in Headers */,
				1138B1C7251D9049008A6629 /* DKCleanFriendsController.h in Headers */,
				116B4D9625BE92470079C6FE /* NSArray+VAPUtil.h in Headers */,
				116B4DB125BE92470079C6FE /* QGAnimatedImageBufferManager.h in Headers */,
				116B4D9325BE92470079C6FE /* NSNotificationCenter+VAPThreadSafe.h in Headers */,
				116B4DB325BE92470079C6FE /* QGAnimatedImageDecodeConfig.h in Headers */,
				114CCC6521F817D500A4646E /* OCMethodTrace.h in Headers */,
				116B4DA725BE92470079C6FE /* QGVAPTextureLoader.h in Headers */,
				116B4D7825BE92470079C6FE /* QGHWDShaderTypes.h in Headers */,
				116B4CFC25BE91990079C6FE /* DKLaunchViewController.h in Headers */,
			);
			runOnlyForDeploymentPostprocessing = 0;
		};
/* End PBXHeadersBuildPhase section */

/* Begin PBXNativeTarget section */
		114CCC2621F817D500A4646E /* dkhelper */ = {
			isa = PBXNativeTarget;
			buildConfigurationList = 114CCC8521F817D500A4646E /* Build configuration list for PBXNativeTarget "dkhelper" */;
			buildPhases = (
				114CCC2021F817D500A4646E /* Sources */,
				114CCC2121F817D500A4646E /* Frameworks */,
				114CCC2221F817D500A4646E /* ShellScript */,
				114CCC2321F817D500A4646E /* Resources */,
				114CCC2421F817D500A4646E /* CopyFiles */,
				114CCC2521F817D500A4646E /* ShellScript */,
			);
			buildRules = (
			);
			dependencies = (
				114CCC3B21F817D500A4646E /* PBXTargetDependency */,
			);
			name = dkhelper;
			productName = dkhelper;
			productReference = 114CCC2721F817D500A4646E /* dkhelper.app */;
			productType = "com.apple.product-type.application";
		};
		114CCC3721F817D500A4646E /* dkhelperDylib */ = {
			isa = PBXNativeTarget;
			buildConfigurationList = 114CCC8221F817D500A4646E /* Build configuration list for PBXNativeTarget "dkhelperDylib" */;
			buildPhases = (
				114CCC3321F817D500A4646E /* ShellScript */,
				114CCC3421F817D500A4646E /* Sources */,
				114CCC3521F817D500A4646E /* Frameworks */,
				114CCC3621F817D500A4646E /* Headers */,
			);
			buildRules = (
			);
			dependencies = (
			);
			name = dkhelperDylib;
			productName = dkhelperDylib;
			productReference = 114CCC3821F817D500A4646E /* libdkhelperDylib.dylib */;
			productType = "com.apple.product-type.library.dynamic";
		};
/* End PBXNativeTarget section */

/* Begin PBXProject section */
		114CCC1C21F817D500A4646E /* Project object */ = {
			isa = PBXProject;
			attributes = {
				LastUpgradeCheck = 1010;
				ORGANIZATIONNAME = DKJone;
				TargetAttributes = {
					114CCC2621F817D500A4646E = {
						CreatedOnToolsVersion = 10.1;
					};
					114CCC3721F817D500A4646E = {
						CreatedOnToolsVersion = 10.1;
					};
				};
			};
			buildConfigurationList = 114CCC1F21F817D500A4646E /* Build configuration list for PBXProject "dkhelper" */;
			compatibilityVersion = "Xcode 9.3";
			developmentRegion = en;
			hasScannedForEncodings = 0;
			knownRegions = (
				en,
			);
			mainGroup = 114CCC1B21F817D500A4646E;
			productRefGroup = 114CCC2821F817D500A4646E /* Products */;
			projectDirPath = "";
			projectRoot = "";
			targets = (
				114CCC2621F817D500A4646E /* dkhelper */,
				114CCC3721F817D500A4646E /* dkhelperDylib */,
			);
		};
/* End PBXProject section */

/* Begin PBXResourcesBuildPhase section */
		114CCC2321F817D500A4646E /* Resources */ = {
			isa = PBXResourcesBuildPhase;
			buildActionMask = 2147483647;
			files = (
				114CCC2F21F817D500A4646E /* MDConfig.plist in Resources */,
			);
			runOnlyForDeploymentPostprocessing = 0;
		};
/* End PBXResourcesBuildPhase section */

/* Begin PBXShellScriptBuildPhase section */
		114CCC2221F817D500A4646E /* ShellScript */ = {
			isa = PBXShellScriptBuildPhase;
			buildActionMask = 2147483647;
			files = (
			);
			inputFileListPaths = (
			);
			inputPaths = (
			);
			outputFileListPaths = (
			);
			outputPaths = (
			);
			runOnlyForDeploymentPostprocessing = 0;
			shellPath = /bin/sh;
			shellScript = "/opt/MonkeyDev/Tools/pack.sh\n";
		};
		114CCC2521F817D500A4646E /* ShellScript */ = {
			isa = PBXShellScriptBuildPhase;
			buildActionMask = 2147483647;
			files = (
			);
			inputFileListPaths = (
			);
			inputPaths = (
			);
			outputFileListPaths = (
			);
			outputPaths = (
			);
			runOnlyForDeploymentPostprocessing = 0;
			shellPath = /bin/sh;
			shellScript = "/opt/MonkeyDev/Tools/pack.sh codesign\n";
		};
		114CCC3321F817D500A4646E /* ShellScript */ = {
			isa = PBXShellScriptBuildPhase;
			buildActionMask = 2147483647;
			files = (
			);
			inputFileListPaths = (
			);
			inputPaths = (
			);
			outputFileListPaths = (
			);
			outputPaths = (
			);
			runOnlyForDeploymentPostprocessing = 0;
			shellPath = /bin/sh;
			shellScript = "/opt/MonkeyDev/bin/md --xcbp-logos\n";
		};
/* End PBXShellScriptBuildPhase section */

/* Begin PBXSourcesBuildPhase section */
		114CCC2021F817D500A4646E /* Sources */ = {
			isa = PBXSourcesBuildPhase;
			buildActionMask = 2147483647;
			files = (
			);
			runOnlyForDeploymentPostprocessing = 0;
		};
		114CCC3421F817D500A4646E /* Sources */ = {
			isa = PBXSourcesBuildPhase;
			buildActionMask = 2147483647;
			files = (
				116B4D7925BE92470079C6FE /* QGHWDShaders.metal in Sources */,
				116B4D9725BE92470079C6FE /* UIColor+VAPUtil.m in Sources */,
				116B4DC225BE92470079C6FE /* QGHWDMetalRenderer.m in Sources */,
				116B4DB925BE92470079C6FE /* QGAnimatedImageDecodeThread.m in Sources */,
				114CCC5021F817D500A4646E /* MDCycriptManager.m in Sources */,
				116B4DA525BE92470079C6FE /* QGVAPConfigModel.m in Sources */,
				116B4DA225BE92470079C6FE /* QGBaseDFileInfo.m in Sources */,
				114CCC5921F817D500A4646E /* a1a2-selectortramps-arm64.s in Sources */,
				114CCC5721F817D500A4646E /* a1a2-selectortramps-arm.s in Sources */,
				116B4DBF25BE92470079C6FE /* QGVAPMetalRenderer.m in Sources */,
				116B4D9C25BE92470079C6FE /* QGVAPMaskInfo.m in Sources */,
				114CCC5D21F817D500A4646E /* a1a2-selectortramps-x86_64.s in Sources */,
				116B4D9825BE92470079C6FE /* UIView+MP4HWDecode.m in Sources */,
				116B4DB425BE92470079C6FE /* QGAnimatedImageDecodeThreadPool.m in Sources */,
				11D27C9F25208FC800AE6337 /* NSArray+Utils.m in Sources */,
				114CCC6721F817D500A4646E /* OCMethodTrace.m in Sources */,
				116B4D9525BE92470079C6FE /* UIDevice+VAPUtil.m in Sources */,
				116B4D9A25BE92470079C6FE /* QGMP4AnimatedImageFrame.m in Sources */,
				116B4D8A25BE92470079C6FE /* QGVAPSafeMutableDictionary.m in Sources */,
				114CCC9921F831D400A4646E /* DKHelperConfig.m in Sources */,
				116B4D8D25BE92470079C6FE /* NSNotificationCenter+VAPThreadSafe.m in Sources */,
				116B4DBD25BE92470079C6FE /* QGHWDMetalView.m in Sources */,
				116B4D9925BE92470079C6FE /* UIGestureRecognizer+VAPUtil.m in Sources */,
				114CCC4C21F817D500A4646E /* MDConfigManager.m in Sources */,
				114CCC9C21F831EB00A4646E /* DKHelperSettingController.m in Sources */,
				1138B1C8251D9049008A6629 /* DKCleanFriendsController.m in Sources */,
				116B4DBE25BE92470079C6FE /* QGVAPMetalView.m in Sources */,
				114CCC7921F817D500A4646E /* fishhook.c in Sources */,
				116B4D8725BE92470079C6FE /* QGVAPMetalUtil.m in Sources */,
				116B4DC525BE92470079C6FE /* QGHWDMP4OpenGLView.m in Sources */,
				114CCC7621F817D500A4646E /* AntiAntiDebug.m in Sources */,
				116B4DBC25BE92470079C6FE /* QGAnimatedImageDecodeManager.m in Sources */,
				116B4D9E25BE92470079C6FE /* QGVAPTextureLoader.m in Sources */,
				116B4DA925BE92470079C6FE /* QGBaseAnimatedImageFrame+Displaying.m in Sources */,
				116B4DB525BE92470079C6FE /* QGBaseDecoder.m in Sources */,
				116B4DB625BE92470079C6FE /* QGMP4FrameHWDecoder.m in Sources */,
				116B4D8E25BE92470079C6FE /* NSArray+VAPUtil.m in Sources */,
				114CCC6B21F817D500A4646E /* OCSelectorTrampolines.mm in Sources */,
				116B4D8025BE92470079C6FE /* QGVAPMetalShaderFunctionLoader.m in Sources */,
				116B4DAD25BE92470079C6FE /* QGAnimatedImageDecodeConfig.m in Sources */,
				114CCC5B21F817D500A4646E /* a1a2-selectortramps-i386.s in Sources */,
				116B4D7F25BE92470079C6FE /* UIView+VAP.m in Sources */,
				114CCC6121F817D500A4646E /* a2a3-selectortramps-i386.s in Sources */,
				116B4CFA25BE91990079C6FE /* DKLaunchHelper.m in Sources */,
				116B4D7B25BE92470079C6FE /* QGMP4Box.m in Sources */,
				116B4D8925BE92470079C6FE /* QGVAPSafeMutableArray.m in Sources */,
				116B4D8625BE92470079C6FE /* QGVAPWeakProxy.m in Sources */,
				114CCC5F21F817D500A4646E /* a2a3-selectortramps-arm.s in Sources */,
				114CCCA121F8323E00A4646E /* DKGroupFilterController.m in Sources */,
				116B4DBB25BE92470079C6FE /* QGAnimatedImageBufferManager.m in Sources */,
				116B4D9425BE92470079C6FE /* NSDictionary+VAPUtil.m in Sources */,
				114CCC7F21F817D500A4646E /* dkhelperDylib.m in Sources */,
				116B4D9F25BE92470079C6FE /* QGMP4HWDFileInfo.m in Sources */,
				114CCC4721F817D500A4646E /* dkhelperDylib.mm in Sources */,
				114CCC9521F831C200A4646E /* DKHelper.m in Sources */,
				116B4CF925BE91990079C6FE /* DKLaunchViewController.m in Sources */,
				114CCC7121F817D500A4646E /* LLDBTools.mm in Sources */,
				114CCC6321F817D500A4646E /* a2a3-selectortramps-x86_64.s in Sources */,
				116B4DAE25BE92470079C6FE /* QGVAPConfigManager.m in Sources */,
				116B4D8425BE92470079C6FE /* QGVAPLogger.m in Sources */,
				116B4D7D25BE92470079C6FE /* QGMP4Parser.m in Sources */,
				116B4DA825BE92470079C6FE /* QGBaseAnimatedImageFrame.m in Sources */,
				114CCC5421F817D500A4646E /* MDMethodTrace.m in Sources */,
			);
			runOnlyForDeploymentPostprocessing = 0;
		};
/* End PBXSourcesBuildPhase section */

/* Begin PBXTargetDependency section */
		114CCC3B21F817D500A4646E /* PBXTargetDependency */ = {
			isa = PBXTargetDependency;
			target = 114CCC3721F817D500A4646E /* dkhelperDylib */;
			targetProxy = 114CCC3A21F817D500A4646E /* PBXContainerItemProxy */;
		};
/* End PBXTargetDependency section */

/* Begin XCBuildConfiguration section */
		114CCC8021F817D500A4646E /* Debug */ = {
			isa = XCBuildConfiguration;
			buildSettings = {
				ALWAYS_SEARCH_USER_PATHS = NO;
				CLANG_ANALYZER_NONNULL = YES;
				CLANG_ANALYZER_NUMBER_OBJECT_CONVERSION = YES_AGGRESSIVE;
				CLANG_CXX_LANGUAGE_STANDARD = "gnu++14";
				CLANG_CXX_LIBRARY = "libc++";
				CLANG_ENABLE_MODULES = YES;
				CLANG_ENABLE_OBJC_ARC = YES;
				CLANG_ENABLE_OBJC_WEAK = YES;
				CLANG_WARN_BLOCK_CAPTURE_AUTORELEASING = YES;
				CLANG_WARN_BOOL_CONVERSION = YES;
				CLANG_WARN_COMMA = YES;
				CLANG_WARN_CONSTANT_CONVERSION = YES;
				CLANG_WARN_DEPRECATED_OBJC_IMPLEMENTATIONS = YES;
				CLANG_WARN_DIRECT_OBJC_ISA_USAGE = YES_ERROR;
				CLANG_WARN_DOCUMENTATION_COMMENTS = YES;
				CLANG_WARN_EMPTY_BODY = YES;
				CLANG_WARN_ENUM_CONVERSION = YES;
				CLANG_WARN_INFINITE_RECURSION = YES;
				CLANG_WARN_INT_CONVERSION = YES;
				CLANG_WARN_NON_LITERAL_NULL_CONVERSION = YES;
				CLANG_WARN_OBJC_IMPLICIT_RETAIN_SELF = YES;
				CLANG_WARN_OBJC_LITERAL_CONVERSION = YES;
				CLANG_WARN_OBJC_ROOT_CLASS = YES_ERROR;
				CLANG_WARN_RANGE_LOOP_ANALYSIS = YES;
				CLANG_WARN_STRICT_PROTOTYPES = YES;
				CLANG_WARN_SUSPICIOUS_MOVE = YES;
				CLANG_WARN_UNGUARDED_AVAILABILITY = YES_AGGRESSIVE;
				CLANG_WARN_UNREACHABLE_CODE = YES;
				CLANG_WARN__DUPLICATE_METHOD_MATCH = YES;
				CODE_SIGN_IDENTITY = "iPhone Developer";
				COPY_PHASE_STRIP = NO;
				DEBUG_INFORMATION_FORMAT = dwarf;
				ENABLE_STRICT_OBJC_MSGSEND = YES;
				ENABLE_TESTABILITY = YES;
				GCC_C_LANGUAGE_STANDARD = gnu11;
				GCC_DYNAMIC_NO_PIC = NO;
				GCC_NO_COMMON_BLOCKS = YES;
				GCC_OPTIMIZATION_LEVEL = 0;
				GCC_PREPROCESSOR_DEFINITIONS = (
					"DEBUG=1",
					"$(inherited)",
				);
				GCC_WARN_64_TO_32_BIT_CONVERSION = YES;
				GCC_WARN_ABOUT_RETURN_TYPE = YES_ERROR;
				GCC_WARN_UNDECLARED_SELECTOR = YES;
				GCC_WARN_UNINITIALIZED_AUTOS = YES_AGGRESSIVE;
				GCC_WARN_UNUSED_FUNCTION = YES;
				GCC_WARN_UNUSED_VARIABLE = YES;
				IPHONEOS_DEPLOYMENT_TARGET = 8.0;
				MTL_ENABLE_DEBUG_INFO = INCLUDE_SOURCE;
				MTL_FAST_MATH = YES;
				ONLY_ACTIVE_ARCH = YES;
				SDKROOT = iphoneos;
			};
			name = Debug;
		};
		114CCC8121F817D500A4646E /* Release */ = {
			isa = XCBuildConfiguration;
			buildSettings = {
				ALWAYS_SEARCH_USER_PATHS = NO;
				CLANG_ANALYZER_NONNULL = YES;
				CLANG_ANALYZER_NUMBER_OBJECT_CONVERSION = YES_AGGRESSIVE;
				CLANG_CXX_LANGUAGE_STANDARD = "gnu++14";
				CLANG_CXX_LIBRARY = "libc++";
				CLANG_ENABLE_MODULES = YES;
				CLANG_ENABLE_OBJC_ARC = YES;
				CLANG_ENABLE_OBJC_WEAK = YES;
				CLANG_WARN_BLOCK_CAPTURE_AUTORELEASING = YES;
				CLANG_WARN_BOOL_CONVERSION = YES;
				CLANG_WARN_COMMA = YES;
				CLANG_WARN_CONSTANT_CONVERSION = YES;
				CLANG_WARN_DEPRECATED_OBJC_IMPLEMENTATIONS = YES;
				CLANG_WARN_DIRECT_OBJC_ISA_USAGE = YES_ERROR;
				CLANG_WARN_DOCUMENTATION_COMMENTS = YES;
				CLANG_WARN_EMPTY_BODY = YES;
				CLANG_WARN_ENUM_CONVERSION = YES;
				CLANG_WARN_INFINITE_RECURSION = YES;
				CLANG_WARN_INT_CONVERSION = YES;
				CLANG_WARN_NON_LITERAL_NULL_CONVERSION = YES;
				CLANG_WARN_OBJC_IMPLICIT_RETAIN_SELF = YES;
				CLANG_WARN_OBJC_LITERAL_CONVERSION = YES;
				CLANG_WARN_OBJC_ROOT_CLASS = YES_ERROR;
				CLANG_WARN_RANGE_LOOP_ANALYSIS = YES;
				CLANG_WARN_STRICT_PROTOTYPES = YES;
				CLANG_WARN_SUSPICIOUS_MOVE = YES;
				CLANG_WARN_UNGUARDED_AVAILABILITY = YES_AGGRESSIVE;
				CLANG_WARN_UNREACHABLE_CODE = YES;
				CLANG_WARN__DUPLICATE_METHOD_MATCH = YES;
				CODE_SIGN_IDENTITY = "iPhone Developer";
				COPY_PHASE_STRIP = NO;
				DEBUG_INFORMATION_FORMAT = "dwarf-with-dsym";
				ENABLE_NS_ASSERTIONS = NO;
				ENABLE_STRICT_OBJC_MSGSEND = YES;
				GCC_C_LANGUAGE_STANDARD = gnu11;
				GCC_NO_COMMON_BLOCKS = YES;
				GCC_WARN_64_TO_32_BIT_CONVERSION = YES;
				GCC_WARN_ABOUT_RETURN_TYPE = YES_ERROR;
				GCC_WARN_UNDECLARED_SELECTOR = YES;
				GCC_WARN_UNINITIALIZED_AUTOS = YES_AGGRESSIVE;
				GCC_WARN_UNUSED_FUNCTION = YES;
				GCC_WARN_UNUSED_VARIABLE = YES;
				IPHONEOS_DEPLOYMENT_TARGET = 8.0;
				MTL_ENABLE_DEBUG_INFO = NO;
				MTL_FAST_MATH = YES;
				SDKROOT = iphoneos;
				VALIDATE_PRODUCT = YES;
			};
			name = Release;
		};
		114CCC8321F817D500A4646E /* Debug */ = {
			isa = XCBuildConfiguration;
			buildSettings = {
				CODE_SIGN_IDENTITY = "iPhone Developer";
				CODE_SIGN_STYLE = Automatic;
				DEVELOPMENT_TEAM = J4GV357594;
				DYLIB_COMPATIBILITY_VERSION = 1;
				DYLIB_CURRENT_VERSION = 1;
				ENABLE_BITCODE = NO;
				EXCLUDED_RECURSIVE_SEARCH_PATH_SUBDIRECTORIES = "*.nib *.lproj *.gch (*) .DS_Store CVS .svn .git .hg *.xcodeproj *.xcode *.pbproj *.pbxproj";
				EXECUTABLE_PREFIX = lib;
				FRAMEWORK_SEARCH_PATHS = (
					"$(inherited)",
					"$(MonkeyDevPath)/Frameworks/**",
					"$(MonkeyDevPath)/Librarys/**",
					"$(MonkeyDevTheosPath)/vendor/lib",
				);
				GCC_C_LANGUAGE_STANDARD = gnu99;
				GCC_PRECOMPILE_PREFIX_HEADER = YES;
				GCC_PREFIX_HEADER = "dkhelperDylib/dkhelperDylib-Prefix.pch";
				GCC_SYMBOLS_PRIVATE_EXTERN = NO;
				GCC_WARN_ABOUT_MISSING_PROTOTYPES = YES;
				GCC_WARN_ABOUT_RETURN_TYPE = YES;
				HEADER_SEARCH_PATHS = (
					"$(inherited)",
					"$(MonkeyDevPath)/include",
					"$(MonkeyDevTheosPath)/vendor/include/**",
				);
				INFOPLIST_FILE = "$(SRCROOT)/dkhelper/Info.plist";
				INSTALL_PATH = "@executable_path/Frameworks/libdkhelperDylib.dylib";
				IPHONEOS_DEPLOYMENT_TARGET = 11.0;
				LD_RUNPATH_SEARCH_PATHS = (
					"$(inherited)",
					"@executable_path/Frameworks",
				);
				LIBRARY_SEARCH_PATHS = (
					"$(inherited)",
					"$(MonkeyDevPath)/Frameworks",
					"$(MonkeyDevTheosPath)/vendor/lib/**",
				);
				MonkeyDevPath = /opt/MonkeyDev;
				MonkeyDevTheosPath = /opt/theos;
				OTHER_CFLAGS = (
					"$(inherited)",
					"-DTHEOS_INSTANCE_NAME=\"\\\"dkhelperDylib\\\"\"",
				);
				OTHER_LDFLAGS = (
					"$(inherited)",
					"-weak_library",
					"/usr/lib/libc++.dylib",
					"-weak_library",
					"/usr/lib/libstdc++.dylib",
					"-weak_library",
					"$(MonkeyDevPath)/Frameworks/libsubstrate.dylib",
					"-lcycript",
					"-framework",
					RevealServer,
				);
				PRODUCT_BUNDLE_IDENTIFIER = com.dkjone.dkhelper2;
				PRODUCT_NAME = "$(TARGET_NAME)";
				PROVISIONING_PROFILE_SPECIFIER = "";
				SUPPORTS_MACCATALYST = NO;
				TARGETED_DEVICE_FAMILY = "1,2";
				VALIDATE_PRODUCT = NO;
			};
			name = Debug;
		};
		114CCC8421F817D500A4646E /* Release */ = {
			isa = XCBuildConfiguration;
			buildSettings = {
				CODE_SIGN_IDENTITY = "iPhone Developer";
				CODE_SIGN_STYLE = Automatic;
				COPY_PHASE_STRIP = YES;
				DEVELOPMENT_TEAM = J4GV357594;
				DYLIB_COMPATIBILITY_VERSION = 1;
				DYLIB_CURRENT_VERSION = 1;
				ENABLE_BITCODE = NO;
				EXCLUDED_RECURSIVE_SEARCH_PATH_SUBDIRECTORIES = "*.nib *.lproj *.gch (*) .DS_Store CVS .svn .git .hg *.xcodeproj *.xcode *.pbproj *.pbxproj";
				EXECUTABLE_PREFIX = lib;
				FRAMEWORK_SEARCH_PATHS = (
					"$(inherited)",
					"$(MonkeyDevPath)/Frameworks/**",
					"$(MonkeyDevPath)/Librarys/**",
					"$(MonkeyDevTheosPath)/vendor/lib",
				);
				GCC_C_LANGUAGE_STANDARD = gnu99;
				GCC_PRECOMPILE_PREFIX_HEADER = YES;
				GCC_PREFIX_HEADER = "dkhelperDylib/dkhelperDylib-Prefix.pch";
				GCC_WARN_ABOUT_MISSING_PROTOTYPES = YES;
				GCC_WARN_ABOUT_RETURN_TYPE = YES;
				HEADER_SEARCH_PATHS = (
					"$(inherited)",
					"$(MonkeyDevPath)/include",
					"$(MonkeyDevTheosPath)/vendor/include/**",
				);
				INFOPLIST_FILE = "$(SRCROOT)/dkhelper/Info.plist";
				INSTALL_PATH = "@executable_path/Frameworks/libdkhelperDylib.dylib";
				IPHONEOS_DEPLOYMENT_TARGET = 11.0;
				LD_RUNPATH_SEARCH_PATHS = (
					"$(inherited)",
					"@executable_path/Frameworks",
				);
				LIBRARY_SEARCH_PATHS = (
					"$(inherited)",
					"$(MonkeyDevPath)/Frameworks",
					"$(MonkeyDevTheosPath)/vendor/lib/**",
				);
				MonkeyDevPath = /opt/MonkeyDev;
				MonkeyDevTheosPath = /opt/theos;
				OTHER_CFLAGS = (
					"$(inherited)",
					"-DTHEOS_INSTANCE_NAME=\"\\\"dkhelperDylib\\\"\"",
				);
				OTHER_LDFLAGS = (
					"$(inherited)",
					"-weak_library",
					"/usr/lib/libc++.dylib",
					"-weak_library",
					"/usr/lib/libstdc++.dylib",
					"-weak_library",
					"$(MonkeyDevPath)/Frameworks/libsubstrate.dylib",
				);
				PRODUCT_BUNDLE_IDENTIFIER = com.dkjone.dkhelper2;
				PRODUCT_NAME = "$(TARGET_NAME)";
				PROVISIONING_PROFILE_SPECIFIER = "";
				SUPPORTS_MACCATALYST = NO;
				TARGETED_DEVICE_FAMILY = "1,2";
			};
			name = Release;
		};
		114CCC8621F817D500A4646E /* Debug */ = {
			isa = XCBuildConfiguration;
			buildSettings = {
				CODE_SIGN_STYLE = Automatic;
				CURRENT_PROJECT_VERSION = 1;
				DEVELOPMENT_TEAM = NL54V6A3P5;
				ENABLE_BITCODE = NO;
				INFOPLIST_FILE = dkhelper/Info.plist;
				IPHONEOS_DEPLOYMENT_TARGET = 11.0;
				MARKETING_VERSION = 7.0.17;
				MONKEYDEV_ADD_SUBSTRATE = YES;
				MONKEYDEV_CLASS_DUMP = NO;
				MONKEYDEV_DEFAULT_BUNDLEID = YES;
				MONKEYDEV_INSERT_DYLIB = YES;
				MONKEYDEV_RESTORE_SYMBOL = NO;
				MONKEYDEV_TARGET_APP = Optional;
				PODS_CONFIGURATION_BUILD_DIR = "$BUILD_DIR/$(CONFIGURATION)$(EFFECTIVE_PLATFORM_NAME)";
				PODS_ROOT = "${SRCROOT}/Pods";
				PRODUCT_BUNDLE_IDENTIFIER = com.dkjone.dkhelper1;
				PRODUCT_NAME = "$(TARGET_NAME)";
				TARGETED_DEVICE_FAMILY = "1,2";
			};
			name = Debug;
		};
		114CCC8721F817D500A4646E /* Release */ = {
			isa = XCBuildConfiguration;
			buildSettings = {
				CODE_SIGN_STYLE = Automatic;
				CURRENT_PROJECT_VERSION = 1;
				DEVELOPMENT_TEAM = NL54V6A3P5;
				ENABLE_BITCODE = NO;
				INFOPLIST_FILE = dkhelper/Info.plist;
				IPHONEOS_DEPLOYMENT_TARGET = 11.0;
				MARKETING_VERSION = 7.0.17;
				MONKEYDEV_ADD_SUBSTRATE = YES;
				MONKEYDEV_CLASS_DUMP = NO;
				MONKEYDEV_DEFAULT_BUNDLEID = YES;
				MONKEYDEV_INSERT_DYLIB = YES;
				MONKEYDEV_RESTORE_SYMBOL = NO;
				MONKEYDEV_TARGET_APP = Optional;
				PODS_CONFIGURATION_BUILD_DIR = "$BUILD_DIR/$(CONFIGURATION)$(EFFECTIVE_PLATFORM_NAME)";
				PODS_ROOT = "${SRCROOT}/Pods";
				PRODUCT_BUNDLE_IDENTIFIER = com.dkjone.dkhelper1;
				PRODUCT_NAME = "$(TARGET_NAME)";
				TARGETED_DEVICE_FAMILY = "1,2";
			};
			name = Release;
		};
/* End XCBuildConfiguration section */

/* Begin XCConfigurationList section */
		114CCC1F21F817D500A4646E /* Build configuration list for PBXProject "dkhelper" */ = {
			isa = XCConfigurationList;
			buildConfigurations = (
				114CCC8021F817D500A4646E /* Debug */,
				114CCC8121F817D500A4646E /* Release */,
			);
			defaultConfigurationIsVisible = 0;
			defaultConfigurationName = Release;
		};
		114CCC8221F817D500A4646E /* Build configuration list for PBXNativeTarget "dkhelperDylib" */ = {
			isa = XCConfigurationList;
			buildConfigurations = (
				114CCC8321F817D500A4646E /* Debug */,
				114CCC8421F817D500A4646E /* Release */,
			);
			defaultConfigurationIsVisible = 0;
			defaultConfigurationName = Release;
		};
		114CCC8521F817D500A4646E /* Build configuration list for PBXNativeTarget "dkhelper" */ = {
			isa = XCConfigurationList;
			buildConfigurations = (
				114CCC8621F817D500A4646E /* Debug */,
				114CCC8721F817D500A4646E /* Release */,
			);
			defaultConfigurationIsVisible = 0;
			defaultConfigurationName = Release;
		};
/* End XCConfigurationList section */
	};
	rootObject = 114CCC1C21F817D500A4646E /* Project object */;
}
